{
  "name": "@bemoje/bfind",
  "version": "0.2.17",
  "lockfileVersion": 2,
  "requires": true,
  "packages": {
    "": {
      "name": "@bemoje/bfind",
      "version": "0.2.17",
      "license": "MIT",
      "dependencies": {
        "@bemoje/commander-config": "latest",
        "@bemoje/fs": "latest",
        "@bemoje/fspath-filter": "latest",
        "@bemoje/os": "latest",
        "@bemoje/set": "latest",
        "@bemoje/trie-map": "latest",
        "commander": "^11.0.0",
        "kleur": "^4.1.5",
        "lodash": "^4.17.21",
        "tslib": "^2.3.0",
        "walkdir": "^0.4.1"
      },
      "bin": {
        "bfind": "bin/index.js"
      },
      "devDependencies": {
        "@types/lodash": "^4.14.197"
      },
      "funding": {
        "type": "patreon",
        "url": "https://www.patreon.com/user?u=40752770"
      }
    },
    "node_modules/@bemoje/async": {
      "version": "0.2.7",
      "resolved": "https://registry.npmjs.org/@bemoje/async/-/async-0.2.7.tgz",
      "integrity": "sha512-qBHfzbBXciN1LDtNCM67vTl0JJbPPE8hn01cbjnudz2edg7IXoLg1G2A5BB/KYhZ55hAj5q20bEj0TnyEvunrQ==",
      "dependencies": {
        "@bemoje/validation": "latest",
        "tslib": "^2.3.0"
      },
      "funding": {
        "type": "patreon",
        "url": "https://www.patreon.com/user?u=40752770"
      }
    },
    "node_modules/@bemoje/commander-config": {
      "version": "0.2.18",
      "resolved": "https://registry.npmjs.org/@bemoje/commander-config/-/commander-config-0.2.18.tgz",
      "integrity": "sha512-4B795Rs4c4WoUA7AG9HgjEsRCtdokty8TLxOihQIpNOyJKgzSStSLb3T7eTH5QEpB1SMgbZDddXR+XO+UdFizg==",
      "dependencies": {
        "@bemoje/async": "latest",
        "@bemoje/fs": "latest",
        "@bemoje/node": "latest",
        "@bemoje/validation": "latest",
        "cli-color": "^2.0.3",
        "commander": "^11.0.0",
        "tslib": "^2.3.0"
      },
      "funding": {
        "type": "patreon",
        "url": "https://www.patreon.com/user?u=40752770"
      }
    },
    "node_modules/@bemoje/date": {
      "version": "0.2.9",
      "resolved": "https://registry.npmjs.org/@bemoje/date/-/date-0.2.9.tgz",
      "integrity": "sha512-QLsOkIB0emU3VCvMcgHRs5Ek3uZRdQxlTPEel5fKY1tH7eP8dQ5/LRq+YnZChMjv77xC/OB3rrR36ZJA7SeV2g==",
      "dependencies": {
        "tslib": "^2.3.0"
      },
      "funding": {
        "type": "patreon",
        "url": "https://www.patreon.com/user?u=40752770"
      }
    },
    "node_modules/@bemoje/fs": {
      "version": "0.2.9",
      "resolved": "https://registry.npmjs.org/@bemoje/fs/-/fs-0.2.9.tgz",
      "integrity": "sha512-gSqhrem1ff9UPwRiiLiePs7mJSUvHFfrqtU4BqxYGutrjoGjZ3UNjdBTJ73ETfXqeK6EWo9XPMuVzHiI95HVnA==",
      "dependencies": {
        "@bemoje/string": "latest",
        "appdata-path": "^1.0.0",
        "extract-zip": "^2.0.1",
        "read-last-lines": "^1.8.0",
        "tslib": "^2.3.0"
      },
      "funding": {
        "type": "patreon",
        "url": "https://www.patreon.com/user?u=40752770"
      }
    },
    "node_modules/@bemoje/fspath-filter": {
      "version": "0.1.7",
      "resolved": "https://registry.npmjs.org/@bemoje/fspath-filter/-/fspath-filter-0.1.7.tgz",
      "integrity": "sha512-rYBSLmXbYDAyaqnN6OIxyQgQZquPml0Ru9wElZO6CWSH89zA4n5dXPVX6Ob032Xhw24Y2wtkvvXbFavYEBEgbQ==",
      "dependencies": {
        "@bemoje/fs": "latest",
        "@bemoje/string": "latest",
        "tslib": "^2.3.0"
      },
      "funding": {
        "type": "patreon",
        "url": "https://www.patreon.com/user?u=40752770"
      }
    },
    "node_modules/@bemoje/node": {
      "version": "0.1.27",
      "resolved": "https://registry.npmjs.org/@bemoje/node/-/node-0.1.27.tgz",
      "integrity": "sha512-5uwz+ZwaqR/b+PX8H8o4TIQorH/9mmjyUNKTxOYXvCjQqiF9eLxdMH4DtmPBEF20jzWpEwlcy8vpNBs4ShIMAw==",
      "dependencies": {
        "@bemoje/fs": "latest",
        "@bemoje/number": "latest",
        "cli-color": "^2.0.3",
        "tslib": "^2.3.0"
      },
      "funding": {
        "type": "patreon",
        "url": "https://www.patreon.com/user?u=40752770"
      }
    },
    "node_modules/@bemoje/number": {
      "version": "0.2.9",
      "resolved": "https://registry.npmjs.org/@bemoje/number/-/number-0.2.9.tgz",
      "integrity": "sha512-9HuEW7HThf8O6kOGnf9yVtjQIFdzm14jYH4AA1MMmuIcSbgiLAMylBHyZa7BQK0GLvxQzzUVxx/bqew2xZAR4Q==",
      "dependencies": {
        "@bemoje/string": "latest",
        "@bemoje/validation": "latest",
        "tslib": "^2.3.0"
      },
      "funding": {
        "type": "patreon",
        "url": "https://www.patreon.com/user?u=40752770"
      }
    },
    "node_modules/@bemoje/os": {
      "version": "0.0.1",
      "resolved": "https://registry.npmjs.org/@bemoje/os/-/os-0.0.1.tgz",
      "integrity": "sha512-J46mqzOsjjQkSXcwVfRhQreIIbaI2c6cAbdEhkRxugEu4bLXTvl4t5mN9pQa2KbrTrKXgYlJpWPe2mWWxdgkQw==",
      "dependencies": {
        "tslib": "^2.3.0"
      }
    },
    "node_modules/@bemoje/set": {
      "version": "0.1.7",
      "resolved": "https://registry.npmjs.org/@bemoje/set/-/set-0.1.7.tgz",
      "integrity": "sha512-cBNdMipNnySN8eO3GuKUUZksP914B/k20CrgoLhj+GxVP4D5+068SdE7dJbbAgY2CQo6X31fw2zxtdNmR8CoPA==",
      "dependencies": {
        "tslib": "^2.3.0"
      },
      "funding": {
        "type": "patreon",
        "url": "https://www.patreon.com/user?u=40752770"
      }
    },
    "node_modules/@bemoje/sort": {
      "version": "0.2.8",
      "resolved": "https://registry.npmjs.org/@bemoje/sort/-/sort-0.2.8.tgz",
      "integrity": "sha512-/6e/y1ppTpGF8iZuCozlcHqU1ZVZDtLQB2fXvVr8d9ecDQFLCe46plvTLpb6gs+5JysD3cMKWwaS6RAmzeDPSg==",
      "dependencies": {
        "tslib": "^2.3.0"
      },
      "funding": {
        "type": "patreon",
        "url": "https://www.patreon.com/user?u=40752770"
      }
    },
    "node_modules/@bemoje/string": {
      "version": "0.2.9",
      "resolved": "https://registry.npmjs.org/@bemoje/string/-/string-0.2.9.tgz",
      "integrity": "sha512-L1i9ZdTdHTCd7K3GzoiOSYz0XQR3JkFe52bQRbXtGSpC6+4oZ4FfNjGxQxejeKmYlJS/AzsG/qFEHpDjwSjkBw==",
      "dependencies": {
        "@bemoje/sort": "latest",
        "tslib": "^2.3.0"
      },
      "funding": {
        "type": "patreon",
        "url": "https://www.patreon.com/user?u=40752770"
      }
    },
    "node_modules/@bemoje/trie-map": {
      "version": "1.4.7",
      "resolved": "https://registry.npmjs.org/@bemoje/trie-map/-/trie-map-1.4.7.tgz",
      "integrity": "sha512-hrs7625oLn/AB2VCTeLWCnG0BhWzpQOcbK3GNLyDAoUHHW4KoeeidRQaOZnZV4Fi07xZruayaQ6+pyzFaknU7Q==",
      "dependencies": {
        "tslib": "^2.3.0"
      },
      "funding": {
        "type": "patreon",
        "url": "https://www.patreon.com/user?u=40752770"
      }
    },
    "node_modules/@bemoje/validation": {
      "version": "0.2.9",
      "resolved": "https://registry.npmjs.org/@bemoje/validation/-/validation-0.2.9.tgz",
      "integrity": "sha512-c3cxJlmI0wyCcmdSDhi1AP3R2Tnw/oxWdxv04ItEhTwoiNw9QsoK48xX1RKuaB39ko82uAnWYQAFSGbhaOdFvw==",
      "dependencies": {
        "@bemoje/date": "latest",
        "@bemoje/string": "latest",
        "tslib": "^2.3.0"
      },
      "funding": {
        "type": "patreon",
        "url": "https://www.patreon.com/user?u=40752770"
      }
    },
    "node_modules/@types/lodash": {
      "version": "4.14.197",
      "resolved": "https://registry.npmjs.org/@types/lodash/-/lodash-4.14.197.tgz",
      "integrity": "sha512-BMVOiWs0uNxHVlHBgzTIqJYmj+PgCo4euloGF+5m4okL3rEYzM2EEv78mw8zWSMM57dM7kVIgJ2QDvwHSoCI5g==",
      "dev": true
    },
    "node_modules/@types/node": {
      "version": "20.5.9",
      "resolved": "https://registry.npmjs.org/@types/node/-/node-20.5.9.tgz",
      "integrity": "sha512-PcGNd//40kHAS3sTlzKB9C9XL4K0sTup8nbG5lC14kzEteTNuAFh9u5nA0o5TWnSG2r/JNPRXFVcHJIIeRlmqQ==",
      "optional": true
    },
    "node_modules/@types/yauzl": {
      "version": "2.10.0",
      "resolved": "https://registry.npmjs.org/@types/yauzl/-/yauzl-2.10.0.tgz",
      "integrity": "sha512-Cn6WYCm0tXv8p6k+A8PvbDG763EDpBoTzHdA+Q/MF6H3sapGjCm9NzoaJncJS9tUKSuCoDs9XHxYYsQDgxR6kw==",
      "optional": true,
      "dependencies": {
        "@types/node": "*"
      }
    },
    "node_modules/any-promise": {
      "version": "1.3.0",
      "resolved": "https://registry.npmjs.org/any-promise/-/any-promise-1.3.0.tgz",
      "integrity": "sha512-7UvmKalWRt1wgjL1RrGxoSJW/0QZFIegpeGvZG9kjp8vrRu55XTHbwnqq2GpXm9uLbcuhxm3IqX9OB4MZR1b2A=="
    },
    "node_modules/appdata-path": {
      "version": "1.0.0",
      "resolved": "https://registry.npmjs.org/appdata-path/-/appdata-path-1.0.0.tgz",
      "integrity": "sha512-ZbH3ezXfnT/YE3NdqduIt4lBV+H0ybvA2Qx3K76gIjQvh8gROpDFdDLpx6B1QJtW7zxisCbpTlCLhKqoR8cDBw=="
    },
    "node_modules/buffer-crc32": {
      "version": "0.2.13",
      "resolved": "https://registry.npmjs.org/buffer-crc32/-/buffer-crc32-0.2.13.tgz",
      "integrity": "sha512-VO9Ht/+p3SN7SKWqcrgEzjGbRSJYTx+Q1pTQC0wrWqHx0vpJraQ6GtHx8tvcg1rlK1byhU5gccxgOgj7B0TDkQ==",
      "engines": {
        "node": "*"
      }
    },
    "node_modules/cli-color": {
      "version": "2.0.3",
      "resolved": "https://registry.npmjs.org/cli-color/-/cli-color-2.0.3.tgz",
      "integrity": "sha512-OkoZnxyC4ERN3zLzZaY9Emb7f/MhBOIpePv0Ycok0fJYT+Ouo00UBEIwsVsr0yoow++n5YWlSUgST9GKhNHiRQ==",
      "dependencies": {
        "d": "^1.0.1",
        "es5-ext": "^0.10.61",
        "es6-iterator": "^2.0.3",
        "memoizee": "^0.4.15",
        "timers-ext": "^0.1.7"
      },
      "engines": {
        "node": ">=0.10"
      }
    },
    "node_modules/commander": {
      "version": "11.0.0",
      "resolved": "https://registry.npmjs.org/commander/-/commander-11.0.0.tgz",
      "integrity": "sha512-9HMlXtt/BNoYr8ooyjjNRdIilOTkVJXB+GhxMTtOKwk0R4j4lS4NpjuqmRxroBfnfTSHQIHQB7wryHhXarNjmQ==",
      "engines": {
        "node": ">=16"
      }
    },
    "node_modules/d": {
      "version": "1.0.1",
      "resolved": "https://registry.npmjs.org/d/-/d-1.0.1.tgz",
      "integrity": "sha512-m62ShEObQ39CfralilEQRjH6oAMtNCV1xJyEx5LpRYUVN+EviphDgUc/F3hnYbADmkiNs67Y+3ylmlG7Lnu+FA==",
      "dependencies": {
        "es5-ext": "^0.10.50",
        "type": "^1.0.1"
      }
    },
    "node_modules/debug": {
      "version": "4.3.4",
      "resolved": "https://registry.npmjs.org/debug/-/debug-4.3.4.tgz",
      "integrity": "sha512-PRWFHuSU3eDtQJPvnNY7Jcket1j0t5OuOsFzPPzsekD52Zl8qUfFIPEiswXqIvHWGVHOgX+7G/vCNNhehwxfkQ==",
      "dependencies": {
        "ms": "2.1.2"
      },
      "engines": {
        "node": ">=6.0"
      },
      "peerDependenciesMeta": {
        "supports-color": {
          "optional": true
        }
      }
    },
    "node_modules/end-of-stream": {
      "version": "1.4.4",
      "resolved": "https://registry.npmjs.org/end-of-stream/-/end-of-stream-1.4.4.tgz",
      "integrity": "sha512-+uw1inIHVPQoaVuHzRyXd21icM+cnt4CzD5rW+NC1wjOUSTOs+Te7FOv7AhN7vS9x/oIyhLP5PR1H+phQAHu5Q==",
      "dependencies": {
        "once": "^1.4.0"
      }
    },
    "node_modules/es5-ext": {
      "version": "0.10.62",
      "resolved": "https://registry.npmjs.org/es5-ext/-/es5-ext-0.10.62.tgz",
      "integrity": "sha512-BHLqn0klhEpnOKSrzn/Xsz2UIW8j+cGmo9JLzr8BiUapV8hPL9+FliFqjwr9ngW7jWdnxv6eO+/LqyhJVqgrjA==",
      "hasInstallScript": true,
      "dependencies": {
        "es6-iterator": "^2.0.3",
        "es6-symbol": "^3.1.3",
        "next-tick": "^1.1.0"
      },
      "engines": {
        "node": ">=0.10"
      }
    },
    "node_modules/es6-iterator": {
      "version": "2.0.3",
      "resolved": "https://registry.npmjs.org/es6-iterator/-/es6-iterator-2.0.3.tgz",
      "integrity": "sha512-zw4SRzoUkd+cl+ZoE15A9o1oQd920Bb0iOJMQkQhl3jNc03YqVjAhG7scf9C5KWRU/R13Orf588uCC6525o02g==",
      "dependencies": {
        "d": "1",
        "es5-ext": "^0.10.35",
        "es6-symbol": "^3.1.1"
      }
    },
    "node_modules/es6-symbol": {
      "version": "3.1.3",
      "resolved": "https://registry.npmjs.org/es6-symbol/-/es6-symbol-3.1.3.tgz",
      "integrity": "sha512-NJ6Yn3FuDinBaBRWl/q5X/s4koRHBrgKAu+yGI6JCBeiu3qrcbJhwT2GeR/EXVfylRk8dpQVJoLEFhK+Mu31NA==",
      "dependencies": {
        "d": "^1.0.1",
        "ext": "^1.1.2"
      }
    },
    "node_modules/es6-weak-map": {
      "version": "2.0.3",
      "resolved": "https://registry.npmjs.org/es6-weak-map/-/es6-weak-map-2.0.3.tgz",
      "integrity": "sha512-p5um32HOTO1kP+w7PRnB+5lQ43Z6muuMuIMffvDN8ZB4GcnjLBV6zGStpbASIMk4DCAvEaamhe2zhyCb/QXXsA==",
      "dependencies": {
        "d": "1",
        "es5-ext": "^0.10.46",
        "es6-iterator": "^2.0.3",
        "es6-symbol": "^3.1.1"
      }
    },
    "node_modules/event-emitter": {
      "version": "0.3.5",
      "resolved": "https://registry.npmjs.org/event-emitter/-/event-emitter-0.3.5.tgz",
      "integrity": "sha512-D9rRn9y7kLPnJ+hMq7S/nhvoKwwvVJahBi2BPmx3bvbsEdK3W9ii8cBSGjP+72/LnM4n6fo3+dkCX5FeTQruXA==",
      "dependencies": {
        "d": "1",
        "es5-ext": "~0.10.14"
      }
    },
    "node_modules/ext": {
      "version": "1.7.0",
      "resolved": "https://registry.npmjs.org/ext/-/ext-1.7.0.tgz",
      "integrity": "sha512-6hxeJYaL110a9b5TEJSj0gojyHQAmA2ch5Os+ySCiA1QGdS697XWY1pzsrSjqA9LDEEgdB/KypIlR59RcLuHYw==",
      "dependencies": {
        "type": "^2.7.2"
      }
    },
    "node_modules/ext/node_modules/type": {
      "version": "2.7.2",
      "resolved": "https://registry.npmjs.org/type/-/type-2.7.2.tgz",
      "integrity": "sha512-dzlvlNlt6AXU7EBSfpAscydQ7gXB+pPGsPnfJnZpiNJBDj7IaJzQlBZYGdEi4R9HmPdBv2XmWJ6YUtoTa7lmCw=="
    },
    "node_modules/extract-zip": {
      "version": "2.0.1",
      "resolved": "https://registry.npmjs.org/extract-zip/-/extract-zip-2.0.1.tgz",
      "integrity": "sha512-GDhU9ntwuKyGXdZBUgTIe+vXnWj0fppUEtMDL0+idd5Sta8TGpHssn/eusA9mrPr9qNDym6SxAYZjNvCn/9RBg==",
      "dependencies": {
        "debug": "^4.1.1",
        "get-stream": "^5.1.0",
        "yauzl": "^2.10.0"
      },
      "bin": {
        "extract-zip": "cli.js"
      },
      "engines": {
        "node": ">= 10.17.0"
      },
      "optionalDependencies": {
        "@types/yauzl": "^2.9.1"
      }
    },
    "node_modules/fd-slicer": {
      "version": "1.1.0",
      "resolved": "https://registry.npmjs.org/fd-slicer/-/fd-slicer-1.1.0.tgz",
      "integrity": "sha512-cE1qsB/VwyQozZ+q1dGxR8LBYNZeofhEdUNGSMbQD3Gw2lAzX9Zb3uIU6Ebc/Fmyjo9AWWfnn0AUCHqtevs/8g==",
      "dependencies": {
        "pend": "~1.2.0"
      }
    },
    "node_modules/get-stream": {
      "version": "5.2.0",
      "resolved": "https://registry.npmjs.org/get-stream/-/get-stream-5.2.0.tgz",
      "integrity": "sha512-nBF+F1rAZVCu/p7rjzgA+Yb4lfYXrpl7a6VmJrU8wF9I1CKvP/QwPNZHnOlwbTkY6dvtFIzFMSyQXbLoTQPRpA==",
      "dependencies": {
        "pump": "^3.0.0"
      },
      "engines": {
        "node": ">=8"
      },
      "funding": {
        "url": "https://github.com/sponsors/sindresorhus"
      }
    },
    "node_modules/is-promise": {
      "version": "2.2.2",
      "resolved": "https://registry.npmjs.org/is-promise/-/is-promise-2.2.2.tgz",
      "integrity": "sha512-+lP4/6lKUBfQjZ2pdxThZvLUAafmZb8OAxFb8XXtiQmS35INgr85hdOGoEs124ez1FCnZJt6jau/T+alh58QFQ=="
    },
    "node_modules/kleur": {
      "version": "4.1.5",
      "resolved": "https://registry.npmjs.org/kleur/-/kleur-4.1.5.tgz",
      "integrity": "sha512-o+NO+8WrRiQEE4/7nwRJhN1HWpVmJm511pBHUxPLtp0BUISzlBplORYSmTclCnJvQq2tKu/sgl3xVpkc7ZWuQQ==",
      "engines": {
        "node": ">=6"
      }
    },
    "node_modules/lodash": {
      "version": "4.17.21",
      "resolved": "https://registry.npmjs.org/lodash/-/lodash-4.17.21.tgz",
      "integrity": "sha512-v2kDEe57lecTulaDIuNTPy3Ry4gLGJ6Z1O3vE1krgXZNrsQ+LFTGHVxVjcXPs17LhbZVGedAJv8XZ1tvj5FvSg=="
    },
    "node_modules/lru-queue": {
      "version": "0.1.0",
      "resolved": "https://registry.npmjs.org/lru-queue/-/lru-queue-0.1.0.tgz",
      "integrity": "sha512-BpdYkt9EvGl8OfWHDQPISVpcl5xZthb+XPsbELj5AQXxIC8IriDZIQYjBJPEm5rS420sjZ0TLEzRcq5KdBhYrQ==",
      "dependencies": {
        "es5-ext": "~0.10.2"
      }
    },
    "node_modules/memoizee": {
      "version": "0.4.15",
      "resolved": "https://registry.npmjs.org/memoizee/-/memoizee-0.4.15.tgz",
      "integrity": "sha512-UBWmJpLZd5STPm7PMUlOw/TSy972M+z8gcyQ5veOnSDRREz/0bmpyTfKt3/51DhEBqCZQn1udM/5flcSPYhkdQ==",
      "dependencies": {
        "d": "^1.0.1",
        "es5-ext": "^0.10.53",
        "es6-weak-map": "^2.0.3",
        "event-emitter": "^0.3.5",
        "is-promise": "^2.2.2",
        "lru-queue": "^0.1.0",
        "next-tick": "^1.1.0",
        "timers-ext": "^0.1.7"
      }
    },
    "node_modules/ms": {
      "version": "2.1.2",
      "resolved": "https://registry.npmjs.org/ms/-/ms-2.1.2.tgz",
      "integrity": "sha512-sGkPx+VjMtmA6MX27oA4FBFELFCZZ4S4XqeGOXCv68tT+jb3vk/RyaKWP0PTKyWtmLSM0b+adUTEvbs1PEaH2w=="
    },
    "node_modules/mz": {
      "version": "2.7.0",
      "resolved": "https://registry.npmjs.org/mz/-/mz-2.7.0.tgz",
      "integrity": "sha512-z81GNO7nnYMEhrGh9LeymoE4+Yr0Wn5McHIZMK5cfQCl+NDX08sCZgUc9/6MHni9IWuFLm1Z3HTCXu2z9fN62Q==",
      "dependencies": {
        "any-promise": "^1.0.0",
        "object-assign": "^4.0.1",
        "thenify-all": "^1.0.0"
      }
    },
    "node_modules/next-tick": {
      "version": "1.1.0",
      "resolved": "https://registry.npmjs.org/next-tick/-/next-tick-1.1.0.tgz",
      "integrity": "sha512-CXdUiJembsNjuToQvxayPZF9Vqht7hewsvy2sOWafLvi2awflj9mOC6bHIg50orX8IJvWKY9wYQ/zB2kogPslQ=="
    },
    "node_modules/object-assign": {
      "version": "4.1.1",
      "resolved": "https://registry.npmjs.org/object-assign/-/object-assign-4.1.1.tgz",
      "integrity": "sha512-rJgTQnkUnH1sFw8yT6VSU3zD3sWmu6sZhIseY8VX+GRu3P6F7Fu+JNDoXfklElbLJSnc3FUQHVe4cU5hj+BcUg==",
      "engines": {
        "node": ">=0.10.0"
      }
    },
    "node_modules/once": {
      "version": "1.4.0",
      "resolved": "https://registry.npmjs.org/once/-/once-1.4.0.tgz",
      "integrity": "sha512-lNaJgI+2Q5URQBkccEKHTQOPaXdUxnZZElQTZY0MFUAuaEqe1E+Nyvgdz/aIyNi6Z9MzO5dv1H8n58/GELp3+w==",
      "dependencies": {
        "wrappy": "1"
      }
    },
    "node_modules/pend": {
      "version": "1.2.0",
      "resolved": "https://registry.npmjs.org/pend/-/pend-1.2.0.tgz",
      "integrity": "sha512-F3asv42UuXchdzt+xXqfW1OGlVBe+mxa2mqI0pg5yAHZPvFmY3Y6drSf/GQ1A86WgWEN9Kzh/WrgKa6iGcHXLg=="
    },
    "node_modules/pump": {
      "version": "3.0.0",
      "resolved": "https://registry.npmjs.org/pump/-/pump-3.0.0.tgz",
      "integrity": "sha512-LwZy+p3SFs1Pytd/jYct4wpv49HiYCqd9Rlc5ZVdk0V+8Yzv6jR5Blk3TRmPL1ft69TxP0IMZGJ+WPFU2BFhww==",
      "dependencies": {
        "end-of-stream": "^1.1.0",
        "once": "^1.3.1"
      }
    },
    "node_modules/read-last-lines": {
      "version": "1.8.0",
      "resolved": "https://registry.npmjs.org/read-last-lines/-/read-last-lines-1.8.0.tgz",
      "integrity": "sha512-oPL0cnZkhsO2xF7DBrdzVhXSNajPP5TzzCim/2IAjeGb17ArLLTRriI/ceV6Rook3L27mvbrOvLlf9xYYnaftQ==",
      "dependencies": {
        "mz": "^2.7.0"
      }
    },
    "node_modules/thenify": {
      "version": "3.3.1",
      "resolved": "https://registry.npmjs.org/thenify/-/thenify-3.3.1.tgz",
      "integrity": "sha512-RVZSIV5IG10Hk3enotrhvz0T9em6cyHBLkH/YAZuKqd8hRkKhSfCGIcP2KUY0EPxndzANBmNllzWPwak+bheSw==",
      "dependencies": {
        "any-promise": "^1.0.0"
      }
    },
    "node_modules/thenify-all": {
      "version": "1.6.0",
      "resolved": "https://registry.npmjs.org/thenify-all/-/thenify-all-1.6.0.tgz",
      "integrity": "sha512-RNxQH/qI8/t3thXJDwcstUO4zeqo64+Uy/+sNVRBx4Xn2OX+OZ9oP+iJnNFqplFra2ZUVeKCSa2oVWi3T4uVmA==",
      "dependencies": {
        "thenify": ">= 3.1.0 < 4"
      },
      "engines": {
        "node": ">=0.8"
      }
    },
    "node_modules/timers-ext": {
      "version": "0.1.7",
      "resolved": "https://registry.npmjs.org/timers-ext/-/timers-ext-0.1.7.tgz",
      "integrity": "sha512-b85NUNzTSdodShTIbky6ZF02e8STtVVfD+fu4aXXShEELpozH+bCpJLYMPZbsABN2wDH7fJpqIoXxJpzbf0NqQ==",
      "dependencies": {
        "es5-ext": "~0.10.46",
        "next-tick": "1"
      }
    },
    "node_modules/tslib": {
      "version": "2.6.2",
      "resolved": "https://registry.npmjs.org/tslib/-/tslib-2.6.2.tgz",
      "integrity": "sha512-AEYxH93jGFPn/a2iVAwW87VuUIkR1FVUKB77NwMF7nBTDkDrrT/Hpt/IrCJ0QXhW27jTBDcf5ZY7w6RiqTMw2Q=="
    },
    "node_modules/type": {
      "version": "1.2.0",
      "resolved": "https://registry.npmjs.org/type/-/type-1.2.0.tgz",
      "integrity": "sha512-+5nt5AAniqsCnu2cEQQdpzCAh33kVx8n0VoFidKpB1dVVLAN/F+bgVOqOJqOnEnrhp222clB5p3vUlD+1QAnfg=="
    },
    "node_modules/walkdir": {
      "version": "0.4.1",
      "resolved": "https://registry.npmjs.org/walkdir/-/walkdir-0.4.1.tgz",
      "integrity": "sha512-3eBwRyEln6E1MSzcxcVpQIhRG8Q1jLvEqRmCZqS3dsfXEDR/AhOF4d+jHg1qvDCpYaVRZjENPQyrVxAkQqxPgQ==",
      "engines": {
        "node": ">=6.0.0"
      }
    },
    "node_modules/wrappy": {
      "version": "1.0.2",
      "resolved": "https://registry.npmjs.org/wrappy/-/wrappy-1.0.2.tgz",
      "integrity": "sha512-l4Sp/DRseor9wL6EvV2+TuQn63dMkPjZ/sp9XkghTEbV9KlPS1xUsZ3u7/IQO4wxtcFB4bgpQPRcR3QCvezPcQ=="
    },
    "node_modules/yauzl": {
      "version": "2.10.0",
      "resolved": "https://registry.npmjs.org/yauzl/-/yauzl-2.10.0.tgz",
      "integrity": "sha512-p4a9I6X6nu6IhoGmBqAcbJy1mlC4j27vEPZX9F4L4/vZT3Lyq1VkFHw/V/PUcB9Buo+DG3iHkT0x3Qya58zc3g==",
      "dependencies": {
        "buffer-crc32": "~0.2.3",
        "fd-slicer": "~1.1.0"
      }
    }
  },
  "dependencies": {
    "@bemoje/async": {
      "version": "0.2.7",
      "resolved": "https://registry.npmjs.org/@bemoje/async/-/async-0.2.7.tgz",
      "integrity": "sha512-qBHfzbBXciN1LDtNCM67vTl0JJbPPE8hn01cbjnudz2edg7IXoLg1G2A5BB/KYhZ55hAj5q20bEj0TnyEvunrQ==",
      "requires": {
        "@bemoje/validation": "latest",
        "tslib": "^2.3.0"
      }
    },
    "@bemoje/commander-config": {
      "version": "0.2.18",
      "resolved": "https://registry.npmjs.org/@bemoje/commander-config/-/commander-config-0.2.18.tgz",
      "integrity": "sha512-4B795Rs4c4WoUA7AG9HgjEsRCtdokty8TLxOihQIpNOyJKgzSStSLb3T7eTH5QEpB1SMgbZDddXR+XO+UdFizg==",
      "requires": {
        "@bemoje/async": "latest",
        "@bemoje/fs": "latest",
        "@bemoje/node": "latest",
        "@bemoje/validation": "latest",
        "cli-color": "^2.0.3",
        "commander": "^11.0.0",
        "tslib": "^2.3.0"
      }
    },
    "@bemoje/date": {
      "version": "0.2.9",
      "resolved": "https://registry.npmjs.org/@bemoje/date/-/date-0.2.9.tgz",
      "integrity": "sha512-QLsOkIB0emU3VCvMcgHRs5Ek3uZRdQxlTPEel5fKY1tH7eP8dQ5/LRq+YnZChMjv77xC/OB3rrR36ZJA7SeV2g==",
      "requires": {
        "tslib": "^2.3.0"
      }
    },
    "@bemoje/fs": {
      "version": "0.2.9",
      "resolved": "https://registry.npmjs.org/@bemoje/fs/-/fs-0.2.9.tgz",
      "integrity": "sha512-gSqhrem1ff9UPwRiiLiePs7mJSUvHFfrqtU4BqxYGutrjoGjZ3UNjdBTJ73ETfXqeK6EWo9XPMuVzHiI95HVnA==",
      "requires": {
        "@bemoje/string": "latest",
        "appdata-path": "^1.0.0",
        "extract-zip": "^2.0.1",
        "read-last-lines": "^1.8.0",
        "tslib": "^2.3.0"
      }
    },
    "@bemoje/fspath-filter": {
      "version": "0.1.7",
      "resolved": "https://registry.npmjs.org/@bemoje/fspath-filter/-/fspath-filter-0.1.7.tgz",
      "integrity": "sha512-rYBSLmXbYDAyaqnN6OIxyQgQZquPml0Ru9wElZO6CWSH89zA4n5dXPVX6Ob032Xhw24Y2wtkvvXbFavYEBEgbQ==",
      "requires": {
        "@bemoje/fs": "latest",
        "@bemoje/string": "latest",
        "tslib": "^2.3.0"
      }
    },
    "@bemoje/node": {
      "version": "0.1.27",
      "resolved": "https://registry.npmjs.org/@bemoje/node/-/node-0.1.27.tgz",
      "integrity": "sha512-5uwz+ZwaqR/b+PX8H8o4TIQorH/9mmjyUNKTxOYXvCjQqiF9eLxdMH4DtmPBEF20jzWpEwlcy8vpNBs4ShIMAw==",
      "requires": {
        "@bemoje/fs": "latest",
        "@bemoje/number": "latest",
        "cli-color": "^2.0.3",
        "tslib": "^2.3.0"
      }
    },
    "@bemoje/number": {
      "version": "0.2.9",
      "resolved": "https://registry.npmjs.org/@bemoje/number/-/number-0.2.9.tgz",
      "integrity": "sha512-9HuEW7HThf8O6kOGnf9yVtjQIFdzm14jYH4AA1MMmuIcSbgiLAMylBHyZa7BQK0GLvxQzzUVxx/bqew2xZAR4Q==",
      "requires": {
        "@bemoje/string": "latest",
        "@bemoje/validation": "latest",
        "tslib": "^2.3.0"
      }
    },
    "@bemoje/os": {
      "version": "0.0.1",
      "resolved": "https://registry.npmjs.org/@bemoje/os/-/os-0.0.1.tgz",
      "integrity": "sha512-J46mqzOsjjQkSXcwVfRhQreIIbaI2c6cAbdEhkRxugEu4bLXTvl4t5mN9pQa2KbrTrKXgYlJpWPe2mWWxdgkQw==",
      "requires": {
        "tslib": "^2.3.0"
      }
    },
    "@bemoje/set": {
      "version": "0.1.7",
      "resolved": "https://registry.npmjs.org/@bemoje/set/-/set-0.1.7.tgz",
      "integrity": "sha512-cBNdMipNnySN8eO3GuKUUZksP914B/k20CrgoLhj+GxVP4D5+068SdE7dJbbAgY2CQo6X31fw2zxtdNmR8CoPA==",
      "requires": {
        "tslib": "^2.3.0"
      }
    },
    "@bemoje/sort": {
      "version": "0.2.8",
      "resolved": "https://registry.npmjs.org/@bemoje/sort/-/sort-0.2.8.tgz",
      "integrity": "sha512-/6e/y1ppTpGF8iZuCozlcHqU1ZVZDtLQB2fXvVr8d9ecDQFLCe46plvTLpb6gs+5JysD3cMKWwaS6RAmzeDPSg==",
      "requires": {
        "tslib": "^2.3.0"
      }
    },
    "@bemoje/string": {
      "version": "0.2.9",
      "resolved": "https://registry.npmjs.org/@bemoje/string/-/string-0.2.9.tgz",
      "integrity": "sha512-L1i9ZdTdHTCd7K3GzoiOSYz0XQR3JkFe52bQRbXtGSpC6+4oZ4FfNjGxQxejeKmYlJS/AzsG/qFEHpDjwSjkBw==",
      "requires": {
        "@bemoje/sort": "latest",
        "tslib": "^2.3.0"
      }
    },
    "@bemoje/trie-map": {
      "version": "1.4.7",
      "resolved": "https://registry.npmjs.org/@bemoje/trie-map/-/trie-map-1.4.7.tgz",
      "integrity": "sha512-hrs7625oLn/AB2VCTeLWCnG0BhWzpQOcbK3GNLyDAoUHHW4KoeeidRQaOZnZV4Fi07xZruayaQ6+pyzFaknU7Q==",
      "requires": {
        "tslib": "^2.3.0"
      }
    },
    "@bemoje/validation": {
      "version": "0.2.9",
      "resolved": "https://registry.npmjs.org/@bemoje/validation/-/validation-0.2.9.tgz",
      "integrity": "sha512-c3cxJlmI0wyCcmdSDhi1AP3R2Tnw/oxWdxv04ItEhTwoiNw9QsoK48xX1RKuaB39ko82uAnWYQAFSGbhaOdFvw==",
      "requires": {
        "@bemoje/date": "latest",
        "@bemoje/string": "latest",
        "tslib": "^2.3.0"
      }
    },
    "@types/lodash": {
      "version": "4.14.197",
      "resolved": "https://registry.npmjs.org/@types/lodash/-/lodash-4.14.197.tgz",
      "integrity": "sha512-BMVOiWs0uNxHVlHBgzTIqJYmj+PgCo4euloGF+5m4okL3rEYzM2EEv78mw8zWSMM57dM7kVIgJ2QDvwHSoCI5g==",
      "dev": true
    },
    "@types/node": {
      "version": "20.5.9",
      "resolved": "https://registry.npmjs.org/@types/node/-/node-20.5.9.tgz",
      "integrity": "sha512-PcGNd//40kHAS3sTlzKB9C9XL4K0sTup8nbG5lC14kzEteTNuAFh9u5nA0o5TWnSG2r/JNPRXFVcHJIIeRlmqQ==",
      "optional": true
    },
    "@types/yauzl": {
      "version": "2.10.0",
      "resolved": "https://registry.npmjs.org/@types/yauzl/-/yauzl-2.10.0.tgz",
      "integrity": "sha512-Cn6WYCm0tXv8p6k+A8PvbDG763EDpBoTzHdA+Q/MF6H3sapGjCm9NzoaJncJS9tUKSuCoDs9XHxYYsQDgxR6kw==",
      "optional": true,
      "requires": {
        "@types/node": "*"
      }
    },
    "any-promise": {
      "version": "1.3.0",
      "resolved": "https://registry.npmjs.org/any-promise/-/any-promise-1.3.0.tgz",
      "integrity": "sha512-7UvmKalWRt1wgjL1RrGxoSJW/0QZFIegpeGvZG9kjp8vrRu55XTHbwnqq2GpXm9uLbcuhxm3IqX9OB4MZR1b2A=="
    },
    "appdata-path": {
      "version": "1.0.0",
      "resolved": "https://registry.npmjs.org/appdata-path/-/appdata-path-1.0.0.tgz",
      "integrity": "sha512-ZbH3ezXfnT/YE3NdqduIt4lBV+H0ybvA2Qx3K76gIjQvh8gROpDFdDLpx6B1QJtW7zxisCbpTlCLhKqoR8cDBw=="
    },
    "buffer-crc32": {
      "version": "0.2.13",
      "resolved": "https://registry.npmjs.org/buffer-crc32/-/buffer-crc32-0.2.13.tgz",
      "integrity": "sha512-VO9Ht/+p3SN7SKWqcrgEzjGbRSJYTx+Q1pTQC0wrWqHx0vpJraQ6GtHx8tvcg1rlK1byhU5gccxgOgj7B0TDkQ=="
    },
    "cli-color": {
      "version": "2.0.3",
      "resolved": "https://registry.npmjs.org/cli-color/-/cli-color-2.0.3.tgz",
      "integrity": "sha512-OkoZnxyC4ERN3zLzZaY9Emb7f/MhBOIpePv0Ycok0fJYT+Ouo00UBEIwsVsr0yoow++n5YWlSUgST9GKhNHiRQ==",
      "requires": {
        "d": "^1.0.1",
        "es5-ext": "^0.10.61",
        "es6-iterator": "^2.0.3",
        "memoizee": "^0.4.15",
        "timers-ext": "^0.1.7"
      }
    },
    "commander": {
      "version": "11.0.0",
      "resolved": "https://registry.npmjs.org/commander/-/commander-11.0.0.tgz",
      "integrity": "sha512-9HMlXtt/BNoYr8ooyjjNRdIilOTkVJXB+GhxMTtOKwk0R4j4lS4NpjuqmRxroBfnfTSHQIHQB7wryHhXarNjmQ=="
    },
    "d": {
      "version": "1.0.1",
      "resolved": "https://registry.npmjs.org/d/-/d-1.0.1.tgz",
      "integrity": "sha512-m62ShEObQ39CfralilEQRjH6oAMtNCV1xJyEx5LpRYUVN+EviphDgUc/F3hnYbADmkiNs67Y+3ylmlG7Lnu+FA==",
      "requires": {
        "es5-ext": "^0.10.50",
        "type": "^1.0.1"
      }
    },
    "debug": {
      "version": "4.3.4",
      "resolved": "https://registry.npmjs.org/debug/-/debug-4.3.4.tgz",
      "integrity": "sha512-PRWFHuSU3eDtQJPvnNY7Jcket1j0t5OuOsFzPPzsekD52Zl8qUfFIPEiswXqIvHWGVHOgX+7G/vCNNhehwxfkQ==",
      "requires": {
        "ms": "2.1.2"
      }
    },
    "end-of-stream": {
      "version": "1.4.4",
      "resolved": "https://registry.npmjs.org/end-of-stream/-/end-of-stream-1.4.4.tgz",
      "integrity": "sha512-+uw1inIHVPQoaVuHzRyXd21icM+cnt4CzD5rW+NC1wjOUSTOs+Te7FOv7AhN7vS9x/oIyhLP5PR1H+phQAHu5Q==",
      "requires": {
        "once": "^1.4.0"
      }
    },
    "es5-ext": {
      "version": "0.10.62",
      "resolved": "https://registry.npmjs.org/es5-ext/-/es5-ext-0.10.62.tgz",
      "integrity": "sha512-BHLqn0klhEpnOKSrzn/Xsz2UIW8j+cGmo9JLzr8BiUapV8hPL9+FliFqjwr9ngW7jWdnxv6eO+/LqyhJVqgrjA==",
      "requires": {
        "es6-iterator": "^2.0.3",
        "es6-symbol": "^3.1.3",
        "next-tick": "^1.1.0"
      }
    },
    "es6-iterator": {
      "version": "2.0.3",
      "resolved": "https://registry.npmjs.org/es6-iterator/-/es6-iterator-2.0.3.tgz",
      "integrity": "sha512-zw4SRzoUkd+cl+ZoE15A9o1oQd920Bb0iOJMQkQhl3jNc03YqVjAhG7scf9C5KWRU/R13Orf588uCC6525o02g==",
      "requires": {
        "d": "1",
        "es5-ext": "^0.10.35",
        "es6-symbol": "^3.1.1"
      }
    },
    "es6-symbol": {
      "version": "3.1.3",
      "resolved": "https://registry.npmjs.org/es6-symbol/-/es6-symbol-3.1.3.tgz",
      "integrity": "sha512-NJ6Yn3FuDinBaBRWl/q5X/s4koRHBrgKAu+yGI6JCBeiu3qrcbJhwT2GeR/EXVfylRk8dpQVJoLEFhK+Mu31NA==",
      "requires": {
        "d": "^1.0.1",
        "ext": "^1.1.2"
      }
    },
    "es6-weak-map": {
      "version": "2.0.3",
      "resolved": "https://registry.npmjs.org/es6-weak-map/-/es6-weak-map-2.0.3.tgz",
      "integrity": "sha512-p5um32HOTO1kP+w7PRnB+5lQ43Z6muuMuIMffvDN8ZB4GcnjLBV6zGStpbASIMk4DCAvEaamhe2zhyCb/QXXsA==",
      "requires": {
        "d": "1",
        "es5-ext": "^0.10.46",
        "es6-iterator": "^2.0.3",
        "es6-symbol": "^3.1.1"
      }
    },
    "event-emitter": {
      "version": "0.3.5",
      "resolved": "https://registry.npmjs.org/event-emitter/-/event-emitter-0.3.5.tgz",
      "integrity": "sha512-D9rRn9y7kLPnJ+hMq7S/nhvoKwwvVJahBi2BPmx3bvbsEdK3W9ii8cBSGjP+72/LnM4n6fo3+dkCX5FeTQruXA==",
      "requires": {
        "d": "1",
        "es5-ext": "~0.10.14"
      }
    },
    "ext": {
      "version": "1.7.0",
      "resolved": "https://registry.npmjs.org/ext/-/ext-1.7.0.tgz",
      "integrity": "sha512-6hxeJYaL110a9b5TEJSj0gojyHQAmA2ch5Os+ySCiA1QGdS697XWY1pzsrSjqA9LDEEgdB/KypIlR59RcLuHYw==",
      "requires": {
        "type": "^2.7.2"
      },
      "dependencies": {
        "type": {
          "version": "2.7.2",
          "resolved": "https://registry.npmjs.org/type/-/type-2.7.2.tgz",
          "integrity": "sha512-dzlvlNlt6AXU7EBSfpAscydQ7gXB+pPGsPnfJnZpiNJBDj7IaJzQlBZYGdEi4R9HmPdBv2XmWJ6YUtoTa7lmCw=="
        }
      }
    },
    "extract-zip": {
      "version": "2.0.1",
      "resolved": "https://registry.npmjs.org/extract-zip/-/extract-zip-2.0.1.tgz",
      "integrity": "sha512-GDhU9ntwuKyGXdZBUgTIe+vXnWj0fppUEtMDL0+idd5Sta8TGpHssn/eusA9mrPr9qNDym6SxAYZjNvCn/9RBg==",
      "requires": {
        "@types/yauzl": "^2.9.1",
        "debug": "^4.1.1",
        "get-stream": "^5.1.0",
        "yauzl": "^2.10.0"
      }
    },
    "fd-slicer": {
      "version": "1.1.0",
      "resolved": "https://registry.npmjs.org/fd-slicer/-/fd-slicer-1.1.0.tgz",
      "integrity": "sha512-cE1qsB/VwyQozZ+q1dGxR8LBYNZeofhEdUNGSMbQD3Gw2lAzX9Zb3uIU6Ebc/Fmyjo9AWWfnn0AUCHqtevs/8g==",
      "requires": {
        "pend": "~1.2.0"
      }
    },
    "get-stream": {
      "version": "5.2.0",
      "resolved": "https://registry.npmjs.org/get-stream/-/get-stream-5.2.0.tgz",
      "integrity": "sha512-nBF+F1rAZVCu/p7rjzgA+Yb4lfYXrpl7a6VmJrU8wF9I1CKvP/QwPNZHnOlwbTkY6dvtFIzFMSyQXbLoTQPRpA==",
      "requires": {
        "pump": "^3.0.0"
      }
    },
    "is-promise": {
      "version": "2.2.2",
      "resolved": "https://registry.npmjs.org/is-promise/-/is-promise-2.2.2.tgz",
      "integrity": "sha512-+lP4/6lKUBfQjZ2pdxThZvLUAafmZb8OAxFb8XXtiQmS35INgr85hdOGoEs124ez1FCnZJt6jau/T+alh58QFQ=="
    },
    "kleur": {
      "version": "4.1.5",
      "resolved": "https://registry.npmjs.org/kleur/-/kleur-4.1.5.tgz",
      "integrity": "sha512-o+NO+8WrRiQEE4/7nwRJhN1HWpVmJm511pBHUxPLtp0BUISzlBplORYSmTclCnJvQq2tKu/sgl3xVpkc7ZWuQQ=="
    },
    "lodash": {
      "version": "4.17.21",
      "resolved": "https://registry.npmjs.org/lodash/-/lodash-4.17.21.tgz",
      "integrity": "sha512-v2kDEe57lecTulaDIuNTPy3Ry4gLGJ6Z1O3vE1krgXZNrsQ+LFTGHVxVjcXPs17LhbZVGedAJv8XZ1tvj5FvSg=="
    },
    "lru-queue": {
      "version": "0.1.0",
      "resolved": "https://registry.npmjs.org/lru-queue/-/lru-queue-0.1.0.tgz",
      "integrity": "sha512-BpdYkt9EvGl8OfWHDQPISVpcl5xZthb+XPsbELj5AQXxIC8IriDZIQYjBJPEm5rS420sjZ0TLEzRcq5KdBhYrQ==",
      "requires": {
        "es5-ext": "~0.10.2"
      }
    },
    "memoizee": {
      "version": "0.4.15",
      "resolved": "https://registry.npmjs.org/memoizee/-/memoizee-0.4.15.tgz",
      "integrity": "sha512-UBWmJpLZd5STPm7PMUlOw/TSy972M+z8gcyQ5veOnSDRREz/0bmpyTfKt3/51DhEBqCZQn1udM/5flcSPYhkdQ==",
      "requires": {
        "d": "^1.0.1",
        "es5-ext": "^0.10.53",
        "es6-weak-map": "^2.0.3",
        "event-emitter": "^0.3.5",
        "is-promise": "^2.2.2",
        "lru-queue": "^0.1.0",
        "next-tick": "^1.1.0",
        "timers-ext": "^0.1.7"
      }
    },
    "ms": {
      "version": "2.1.2",
      "resolved": "https://registry.npmjs.org/ms/-/ms-2.1.2.tgz",
      "integrity": "sha512-sGkPx+VjMtmA6MX27oA4FBFELFCZZ4S4XqeGOXCv68tT+jb3vk/RyaKWP0PTKyWtmLSM0b+adUTEvbs1PEaH2w=="
    },
    "mz": {
      "version": "2.7.0",
      "resolved": "https://registry.npmjs.org/mz/-/mz-2.7.0.tgz",
      "integrity": "sha512-z81GNO7nnYMEhrGh9LeymoE4+Yr0Wn5McHIZMK5cfQCl+NDX08sCZgUc9/6MHni9IWuFLm1Z3HTCXu2z9fN62Q==",
      "requires": {
        "any-promise": "^1.0.0",
        "object-assign": "^4.0.1",
        "thenify-all": "^1.0.0"
      }
    },
    "next-tick": {
      "version": "1.1.0",
      "resolved": "https://registry.npmjs.org/next-tick/-/next-tick-1.1.0.tgz",
      "integrity": "sha512-CXdUiJembsNjuToQvxayPZF9Vqht7hewsvy2sOWafLvi2awflj9mOC6bHIg50orX8IJvWKY9wYQ/zB2kogPslQ=="
    },
    "object-assign": {
      "version": "4.1.1",
      "resolved": "https://registry.npmjs.org/object-assign/-/object-assign-4.1.1.tgz",
      "integrity": "sha512-rJgTQnkUnH1sFw8yT6VSU3zD3sWmu6sZhIseY8VX+GRu3P6F7Fu+JNDoXfklElbLJSnc3FUQHVe4cU5hj+BcUg=="
    },
    "once": {
      "version": "1.4.0",
      "resolved": "https://registry.npmjs.org/once/-/once-1.4.0.tgz",
      "integrity": "sha512-lNaJgI+2Q5URQBkccEKHTQOPaXdUxnZZElQTZY0MFUAuaEqe1E+Nyvgdz/aIyNi6Z9MzO5dv1H8n58/GELp3+w==",
      "requires": {
        "wrappy": "1"
      }
    },
    "pend": {
      "version": "1.2.0",
      "resolved": "https://registry.npmjs.org/pend/-/pend-1.2.0.tgz",
      "integrity": "sha512-F3asv42UuXchdzt+xXqfW1OGlVBe+mxa2mqI0pg5yAHZPvFmY3Y6drSf/GQ1A86WgWEN9Kzh/WrgKa6iGcHXLg=="
    },
    "pump": {
      "version": "3.0.0",
      "resolved": "https://registry.npmjs.org/pump/-/pump-3.0.0.tgz",
      "integrity": "sha512-LwZy+p3SFs1Pytd/jYct4wpv49HiYCqd9Rlc5ZVdk0V+8Yzv6jR5Blk3TRmPL1ft69TxP0IMZGJ+WPFU2BFhww==",
      "requires": {
        "end-of-stream": "^1.1.0",
        "once": "^1.3.1"
      }
    },
    "read-last-lines": {
      "version": "1.8.0",
      "resolved": "https://registry.npmjs.org/read-last-lines/-/read-last-lines-1.8.0.tgz",
      "integrity": "sha512-oPL0cnZkhsO2xF7DBrdzVhXSNajPP5TzzCim/2IAjeGb17ArLLTRriI/ceV6Rook3L27mvbrOvLlf9xYYnaftQ==",
      "requires": {
        "mz": "^2.7.0"
      }
    },
    "thenify": {
      "version": "3.3.1",
      "resolved": "https://registry.npmjs.org/thenify/-/thenify-3.3.1.tgz",
      "integrity": "sha512-RVZSIV5IG10Hk3enotrhvz0T9em6cyHBLkH/YAZuKqd8hRkKhSfCGIcP2KUY0EPxndzANBmNllzWPwak+bheSw==",
      "requires": {
        "any-promise": "^1.0.0"
      }
    },
    "thenify-all": {
      "version": "1.6.0",
      "resolved": "https://registry.npmjs.org/thenify-all/-/thenify-all-1.6.0.tgz",
      "integrity": "sha512-RNxQH/qI8/t3thXJDwcstUO4zeqo64+Uy/+sNVRBx4Xn2OX+OZ9oP+iJnNFqplFra2ZUVeKCSa2oVWi3T4uVmA==",
      "requires": {
        "thenify": ">= 3.1.0 < 4"
      }
    },
    "timers-ext": {
      "version": "0.1.7",
      "resolved": "https://registry.npmjs.org/timers-ext/-/timers-ext-0.1.7.tgz",
      "integrity": "sha512-b85NUNzTSdodShTIbky6ZF02e8STtVVfD+fu4aXXShEELpozH+bCpJLYMPZbsABN2wDH7fJpqIoXxJpzbf0NqQ==",
      "requires": {
        "es5-ext": "~0.10.46",
        "next-tick": "1"
      }
    },
    "tslib": {
      "version": "2.6.2",
      "resolved": "https://registry.npmjs.org/tslib/-/tslib-2.6.2.tgz",
      "integrity": "sha512-AEYxH93jGFPn/a2iVAwW87VuUIkR1FVUKB77NwMF7nBTDkDrrT/Hpt/IrCJ0QXhW27jTBDcf5ZY7w6RiqTMw2Q=="
    },
    "type": {
      "version": "1.2.0",
      "resolved": "https://registry.npmjs.org/type/-/type-1.2.0.tgz",
      "integrity": "sha512-+5nt5AAniqsCnu2cEQQdpzCAh33kVx8n0VoFidKpB1dVVLAN/F+bgVOqOJqOnEnrhp222clB5p3vUlD+1QAnfg=="
    },
    "walkdir": {
      "version": "0.4.1",
      "resolved": "https://registry.npmjs.org/walkdir/-/walkdir-0.4.1.tgz",
      "integrity": "sha512-3eBwRyEln6E1MSzcxcVpQIhRG8Q1jLvEqRmCZqS3dsfXEDR/AhOF4d+jHg1qvDCpYaVRZjENPQyrVxAkQqxPgQ=="
    },
    "wrappy": {
      "version": "1.0.2",
      "resolved": "https://registry.npmjs.org/wrappy/-/wrappy-1.0.2.tgz",
      "integrity": "sha512-l4Sp/DRseor9wL6EvV2+TuQn63dMkPjZ/sp9XkghTEbV9KlPS1xUsZ3u7/IQO4wxtcFB4bgpQPRcR3QCvezPcQ=="
    },
    "yauzl": {
      "version": "2.10.0",
      "resolved": "https://registry.npmjs.org/yauzl/-/yauzl-2.10.0.tgz",
      "integrity": "sha512-p4a9I6X6nu6IhoGmBqAcbJy1mlC4j27vEPZX9F4L4/vZT3Lyq1VkFHw/V/PUcB9Buo+DG3iHkT0x3Qya58zc3g==",
      "requires": {
        "buffer-crc32": "~0.2.3",
        "fd-slicer": "~1.1.0"
      }
    }
  }
}
