{
  "name": "@bemoje/bfind",
  "version": "0.2.21",
  "lockfileVersion": 2,
  "requires": true,
  "packages": {
    "": {
      "name": "@bemoje/bfind",
      "version": "0.2.21",
      "license": "MIT",
      "dependencies": {
        "@bemoje/commander-config": "latest",
        "@bemoje/trie-map": "latest",
        "@bemoje/util": "latest",
        "commander": "^11.0.0",
        "lodash": "^4.17.21",
        "tslib": "^2.3.0",
        "walkdir": "^0.4.1"
      },
      "bin": {
        "bfind": "bin/index.js"
      },
      "devDependencies": {
        "@types/lodash": "^4.14.197"
      },
      "funding": {
        "type": "patreon",
        "url": "https://www.patreon.com/user?u=40752770"
      }
    },
    "node_modules/@bemoje/commander-config": {
      "version": "0.2.30",
      "resolved": "https://registry.npmjs.org/@bemoje/commander-config/-/commander-config-0.2.30.tgz",
      "integrity": "sha512-xHprI/ebNGTEYu9BcWspUE6EFCVuvUSJPolaRbW26+0YASL2KPfwq6On8WcV4dIjwCE7gP7Aah9jdfiLLblg8g==",
      "dependencies": {
        "@bemoje/util": "latest",
        "commander": "^11.0.0",
        "tslib": "^2.3.0"
      },
      "funding": {
        "type": "patreon",
        "url": "https://www.patreon.com/user?u=40752770"
      }
    },
    "node_modules/@bemoje/trie-map": {
      "version": "1.4.8",
      "resolved": "https://registry.npmjs.org/@bemoje/trie-map/-/trie-map-1.4.8.tgz",
      "integrity": "sha512-UPXrxeb5eiDaJha/xxY76+TBnzi5ySs8m94tVxvAZA+M0o5I+dBTs2NvQLIJLiD6HRNirvnn7j2NBxR7H9VnEw==",
      "dependencies": {
        "tslib": "^2.3.0"
      },
      "funding": {
        "type": "patreon",
        "url": "https://www.patreon.com/user?u=40752770"
      }
    },
    "node_modules/@bemoje/util": {
      "version": "0.0.27",
      "resolved": "https://registry.npmjs.org/@bemoje/util/-/util-0.0.27.tgz",
      "integrity": "sha512-1PjieGlp56hlMSnOpkoHz4Jsa/7jhD5Z+Viq76Cn9qq6ESsqVxsPnGth6qjcq9pWNwBKypbF2WExmDS25Dik+A==",
      "funding": {
        "type": "patreon",
        "url": "https://www.patreon.com/user?u=40752770"
      }
    },
    "node_modules/@types/lodash": {
      "version": "4.14.197",
      "resolved": "https://registry.npmjs.org/@types/lodash/-/lodash-4.14.197.tgz",
      "integrity": "sha512-BMVOiWs0uNxHVlHBgzTIqJYmj+PgCo4euloGF+5m4okL3rEYzM2EEv78mw8zWSMM57dM7kVIgJ2QDvwHSoCI5g==",
      "dev": true
    },
    "node_modules/commander": {
      "version": "11.0.0",
      "resolved": "https://registry.npmjs.org/commander/-/commander-11.0.0.tgz",
      "integrity": "sha512-9HMlXtt/BNoYr8ooyjjNRdIilOTkVJXB+GhxMTtOKwk0R4j4lS4NpjuqmRxroBfnfTSHQIHQB7wryHhXarNjmQ==",
      "engines": {
        "node": ">=16"
      }
    },
    "node_modules/lodash": {
      "version": "4.17.21",
      "resolved": "https://registry.npmjs.org/lodash/-/lodash-4.17.21.tgz",
      "integrity": "sha512-v2kDEe57lecTulaDIuNTPy3Ry4gLGJ6Z1O3vE1krgXZNrsQ+LFTGHVxVjcXPs17LhbZVGedAJv8XZ1tvj5FvSg=="
    },
    "node_modules/tslib": {
      "version": "2.6.2",
      "resolved": "https://registry.npmjs.org/tslib/-/tslib-2.6.2.tgz",
      "integrity": "sha512-AEYxH93jGFPn/a2iVAwW87VuUIkR1FVUKB77NwMF7nBTDkDrrT/Hpt/IrCJ0QXhW27jTBDcf5ZY7w6RiqTMw2Q=="
    },
    "node_modules/walkdir": {
      "version": "0.4.1",
      "resolved": "https://registry.npmjs.org/walkdir/-/walkdir-0.4.1.tgz",
      "integrity": "sha512-3eBwRyEln6E1MSzcxcVpQIhRG8Q1jLvEqRmCZqS3dsfXEDR/AhOF4d+jHg1qvDCpYaVRZjENPQyrVxAkQqxPgQ==",
      "engines": {
        "node": ">=6.0.0"
      }
    }
  },
  "dependencies": {
    "@bemoje/commander-config": {
      "version": "0.2.30",
      "resolved": "https://registry.npmjs.org/@bemoje/commander-config/-/commander-config-0.2.30.tgz",
      "integrity": "sha512-xHprI/ebNGTEYu9BcWspUE6EFCVuvUSJPolaRbW26+0YASL2KPfwq6On8WcV4dIjwCE7gP7Aah9jdfiLLblg8g==",
      "requires": {
        "@bemoje/util": "latest",
        "commander": "^11.0.0",
        "tslib": "^2.3.0"
      }
    },
    "@bemoje/trie-map": {
      "version": "1.4.8",
      "resolved": "https://registry.npmjs.org/@bemoje/trie-map/-/trie-map-1.4.8.tgz",
      "integrity": "sha512-UPXrxeb5eiDaJha/xxY76+TBnzi5ySs8m94tVxvAZA+M0o5I+dBTs2NvQLIJLiD6HRNirvnn7j2NBxR7H9VnEw==",
      "requires": {
        "tslib": "^2.3.0"
      }
    },
    "@bemoje/util": {
      "version": "0.0.27",
      "resolved": "https://registry.npmjs.org/@bemoje/util/-/util-0.0.27.tgz",
      "integrity": "sha512-1PjieGlp56hlMSnOpkoHz4Jsa/7jhD5Z+Viq76Cn9qq6ESsqVxsPnGth6qjcq9pWNwBKypbF2WExmDS25Dik+A=="
    },
    "@types/lodash": {
      "version": "4.14.197",
      "resolved": "https://registry.npmjs.org/@types/lodash/-/lodash-4.14.197.tgz",
      "integrity": "sha512-BMVOiWs0uNxHVlHBgzTIqJYmj+PgCo4euloGF+5m4okL3rEYzM2EEv78mw8zWSMM57dM7kVIgJ2QDvwHSoCI5g==",
      "dev": true
    },
    "commander": {
      "version": "11.0.0",
      "resolved": "https://registry.npmjs.org/commander/-/commander-11.0.0.tgz",
      "integrity": "sha512-9HMlXtt/BNoYr8ooyjjNRdIilOTkVJXB+GhxMTtOKwk0R4j4lS4NpjuqmRxroBfnfTSHQIHQB7wryHhXarNjmQ=="
    },
    "lodash": {
      "version": "4.17.21",
      "resolved": "https://registry.npmjs.org/lodash/-/lodash-4.17.21.tgz",
      "integrity": "sha512-v2kDEe57lecTulaDIuNTPy3Ry4gLGJ6Z1O3vE1krgXZNrsQ+LFTGHVxVjcXPs17LhbZVGedAJv8XZ1tvj5FvSg=="
    },
    "tslib": {
      "version": "2.6.2",
      "resolved": "https://registry.npmjs.org/tslib/-/tslib-2.6.2.tgz",
      "integrity": "sha512-AEYxH93jGFPn/a2iVAwW87VuUIkR1FVUKB77NwMF7nBTDkDrrT/Hpt/IrCJ0QXhW27jTBDcf5ZY7w6RiqTMw2Q=="
    },
    "walkdir": {
      "version": "0.4.1",
      "resolved": "https://registry.npmjs.org/walkdir/-/walkdir-0.4.1.tgz",
      "integrity": "sha512-3eBwRyEln6E1MSzcxcVpQIhRG8Q1jLvEqRmCZqS3dsfXEDR/AhOF4d+jHg1qvDCpYaVRZjENPQyrVxAkQqxPgQ=="
    }
  }
}
