{
  "name": "@bemoje/fswalk",
  "version": "0.1.11",
  "lockfileVersion": 2,
  "requires": true,
  "packages": {
    "": {
      "name": "@bemoje/fswalk",
      "version": "0.1.11",
      "license": "MIT",
      "dependencies": {
        "@bemoje/util": "latest",
        "tslib": "^2.3.0",
        "walkdir": "^0.4.1"
      },
      "devDependencies": {},
      "funding": {
        "type": "patreon",
        "url": "https://www.patreon.com/user?u=40752770"
      }
    },
    "node_modules/@bemoje/util": {
      "version": "0.0.35",
      "resolved": "https://registry.npmjs.org/@bemoje/util/-/util-0.0.35.tgz",
      "integrity": "sha512-kMN8VMzTP4m+gdHtU+qU75YXBbo93h4w0Sf84coYIyJkQmu1XYTTV23Oc+Gb52buPMg/bZREj0fuTgE299VwBA==",
      "funding": {
        "type": "patreon",
        "url": "https://www.patreon.com/user?u=40752770"
      }
    },
    "node_modules/tslib": {
      "version": "2.6.2",
      "resolved": "https://registry.npmjs.org/tslib/-/tslib-2.6.2.tgz",
      "integrity": "sha512-AEYxH93jGFPn/a2iVAwW87VuUIkR1FVUKB77NwMF7nBTDkDrrT/Hpt/IrCJ0QXhW27jTBDcf5ZY7w6RiqTMw2Q=="
    },
    "node_modules/walkdir": {
      "version": "0.4.1",
      "resolved": "https://registry.npmjs.org/walkdir/-/walkdir-0.4.1.tgz",
      "integrity": "sha512-3eBwRyEln6E1MSzcxcVpQIhRG8Q1jLvEqRmCZqS3dsfXEDR/AhOF4d+jHg1qvDCpYaVRZjENPQyrVxAkQqxPgQ==",
      "engines": {
        "node": ">=6.0.0"
      }
    }
  },
  "dependencies": {
    "@bemoje/util": {
      "version": "0.0.35",
      "resolved": "https://registry.npmjs.org/@bemoje/util/-/util-0.0.35.tgz",
      "integrity": "sha512-kMN8VMzTP4m+gdHtU+qU75YXBbo93h4w0Sf84coYIyJkQmu1XYTTV23Oc+Gb52buPMg/bZREj0fuTgE299VwBA=="
    },
    "tslib": {
      "version": "2.6.2",
      "resolved": "https://registry.npmjs.org/tslib/-/tslib-2.6.2.tgz",
      "integrity": "sha512-AEYxH93jGFPn/a2iVAwW87VuUIkR1FVUKB77NwMF7nBTDkDrrT/Hpt/IrCJ0QXhW27jTBDcf5ZY7w6RiqTMw2Q=="
    },
    "walkdir": {
      "version": "0.4.1",
      "resolved": "https://registry.npmjs.org/walkdir/-/walkdir-0.4.1.tgz",
      "integrity": "sha512-3eBwRyEln6E1MSzcxcVpQIhRG8Q1jLvEqRmCZqS3dsfXEDR/AhOF4d+jHg1qvDCpYaVRZjENPQyrVxAkQqxPgQ=="
    }
  }
}
