{
  "name": "@bemoje/fswalk",
  "version": "0.1.7",
  "lockfileVersion": 2,
  "requires": true,
  "packages": {
    "": {
      "name": "@bemoje/fswalk",
      "version": "0.1.7",
      "license": "MIT",
      "dependencies": {
        "@bemoje/string": "latest",
        "tslib": "^2.3.0",
        "walkdir": "^0.4.1"
      },
      "devDependencies": {},
      "funding": {
        "type": "patreon",
        "url": "https://www.patreon.com/user?u=40752770"
      }
    },
    "node_modules/@bemoje/sort": {
      "version": "0.2.8",
      "resolved": "https://registry.npmjs.org/@bemoje/sort/-/sort-0.2.8.tgz",
      "integrity": "sha512-/6e/y1ppTpGF8iZuCozlcHqU1ZVZDtLQB2fXvVr8d9ecDQFLCe46plvTLpb6gs+5JysD3cMKWwaS6RAmzeDPSg==",
      "dependencies": {
        "tslib": "^2.3.0"
      },
      "funding": {
        "type": "patreon",
        "url": "https://www.patreon.com/user?u=40752770"
      }
    },
    "node_modules/@bemoje/string": {
      "version": "0.2.9",
      "resolved": "https://registry.npmjs.org/@bemoje/string/-/string-0.2.9.tgz",
      "integrity": "sha512-L1i9ZdTdHTCd7K3GzoiOSYz0XQR3JkFe52bQRbXtGSpC6+4oZ4FfNjGxQxejeKmYlJS/AzsG/qFEHpDjwSjkBw==",
      "dependencies": {
        "@bemoje/sort": "latest",
        "tslib": "^2.3.0"
      },
      "funding": {
        "type": "patreon",
        "url": "https://www.patreon.com/user?u=40752770"
      }
    },
    "node_modules/tslib": {
      "version": "2.6.2",
      "resolved": "https://registry.npmjs.org/tslib/-/tslib-2.6.2.tgz",
      "integrity": "sha512-AEYxH93jGFPn/a2iVAwW87VuUIkR1FVUKB77NwMF7nBTDkDrrT/Hpt/IrCJ0QXhW27jTBDcf5ZY7w6RiqTMw2Q=="
    },
    "node_modules/walkdir": {
      "version": "0.4.1",
      "resolved": "https://registry.npmjs.org/walkdir/-/walkdir-0.4.1.tgz",
      "integrity": "sha512-3eBwRyEln6E1MSzcxcVpQIhRG8Q1jLvEqRmCZqS3dsfXEDR/AhOF4d+jHg1qvDCpYaVRZjENPQyrVxAkQqxPgQ==",
      "engines": {
        "node": ">=6.0.0"
      }
    }
  },
  "dependencies": {
    "@bemoje/sort": {
      "version": "0.2.8",
      "resolved": "https://registry.npmjs.org/@bemoje/sort/-/sort-0.2.8.tgz",
      "integrity": "sha512-/6e/y1ppTpGF8iZuCozlcHqU1ZVZDtLQB2fXvVr8d9ecDQFLCe46plvTLpb6gs+5JysD3cMKWwaS6RAmzeDPSg==",
      "requires": {
        "tslib": "^2.3.0"
      }
    },
    "@bemoje/string": {
      "version": "0.2.9",
      "resolved": "https://registry.npmjs.org/@bemoje/string/-/string-0.2.9.tgz",
      "integrity": "sha512-L1i9ZdTdHTCd7K3GzoiOSYz0XQR3JkFe52bQRbXtGSpC6+4oZ4FfNjGxQxejeKmYlJS/AzsG/qFEHpDjwSjkBw==",
      "requires": {
        "@bemoje/sort": "latest",
        "tslib": "^2.3.0"
      }
    },
    "tslib": {
      "version": "2.6.2",
      "resolved": "https://registry.npmjs.org/tslib/-/tslib-2.6.2.tgz",
      "integrity": "sha512-AEYxH93jGFPn/a2iVAwW87VuUIkR1FVUKB77NwMF7nBTDkDrrT/Hpt/IrCJ0QXhW27jTBDcf5ZY7w6RiqTMw2Q=="
    },
    "walkdir": {
      "version": "0.4.1",
      "resolved": "https://registry.npmjs.org/walkdir/-/walkdir-0.4.1.tgz",
      "integrity": "sha512-3eBwRyEln6E1MSzcxcVpQIhRG8Q1jLvEqRmCZqS3dsfXEDR/AhOF4d+jHg1qvDCpYaVRZjENPQyrVxAkQqxPgQ=="
    }
  }
}
