{
  "name": "@bemoje/subtitles",
  "version": "0.0.12",
  "lockfileVersion": 2,
  "requires": true,
  "packages": {
    "": {
      "name": "@bemoje/subtitles",
      "version": "0.0.12",
      "license": "MIT",
      "dependencies": {
        "@bemoje/time": "latest",
        "tslib": "^2.3.0"
      },
      "funding": {
        "type": "patreon",
        "url": "https://www.patreon.com/user?u=40752770"
      }
    },
    "node_modules/@bemoje/time": {
      "version": "0.0.12",
      "resolved": "https://registry.npmjs.org/@bemoje/time/-/time-0.0.12.tgz",
      "integrity": "sha512-rQpqNig4Y+j0DIKnlWsxfE0PsHGROQxtd8oYrVVA2atUScCOCpBGGIrF7lzfc8vpr9BbScim3g8bUt/eoP205Q==",
      "funding": {
        "type": "patreon",
        "url": "https://www.patreon.com/user?u=40752770"
      }
    },
    "node_modules/tslib": {
      "version": "2.3.0",
      "resolved": "https://registry.npmjs.org/tslib/-/tslib-2.3.0.tgz",
      "integrity": "sha512-N82ooyxVNm6h1riLCoyS9e3fuJ3AMG2zIZs2Gd1ATcSFjSA23Q0fzjjZeh0jbJvWVDZ0cJT8yaNNaaXHzueNjg=="
    }
  },
  "dependencies": {
    "@bemoje/time": {
      "version": "0.0.12",
      "resolved": "https://registry.npmjs.org/@bemoje/time/-/time-0.0.12.tgz",
      "integrity": "sha512-rQpqNig4Y+j0DIKnlWsxfE0PsHGROQxtd8oYrVVA2atUScCOCpBGGIrF7lzfc8vpr9BbScim3g8bUt/eoP205Q=="
    },
    "tslib": {
      "version": "2.3.0",
      "resolved": "https://registry.npmjs.org/tslib/-/tslib-2.3.0.tgz",
      "integrity": "sha512-N82ooyxVNm6h1riLCoyS9e3fuJ3AMG2zIZs2Gd1ATcSFjSA23Q0fzjjZeh0jbJvWVDZ0cJT8yaNNaaXHzueNjg=="
    }
  }
}
