{
  "name": "@bemoje/subtitles",
  "version": "0.2.10",
  "lockfileVersion": 2,
  "requires": true,
  "packages": {
    "": {
      "name": "@bemoje/subtitles",
      "version": "0.2.10",
      "license": "MIT",
      "dependencies": {
        "@bemoje/util": "latest",
        "tslib": "^2.6.2"
      },
      "devDependencies": {},
      "funding": {
        "type": "patreon",
        "url": "https://www.patreon.com/user?u=40752770"
      }
    },
    "node_modules/@bemoje/util": {
      "version": "0.6.4",
      "resolved": "https://registry.npmjs.org/@bemoje/util/-/util-0.6.4.tgz",
      "integrity": "sha512-br1X8aZikDvyrtS9ZLFAu2s19z7qH+ko9PvZLcDJxtkRjphn6steDHfQAWnuMbe7I76wgfYGYLheyV2Xnph26Q==",
      "funding": {
        "type": "patreon",
        "url": "https://www.patreon.com/user?u=40752770"
      }
    },
    "node_modules/tslib": {
      "version": "2.6.2",
      "resolved": "https://registry.npmjs.org/tslib/-/tslib-2.6.2.tgz",
      "integrity": "sha512-AEYxH93jGFPn/a2iVAwW87VuUIkR1FVUKB77NwMF7nBTDkDrrT/Hpt/IrCJ0QXhW27jTBDcf5ZY7w6RiqTMw2Q=="
    }
  },
  "dependencies": {
    "@bemoje/util": {
      "version": "0.6.4",
      "resolved": "https://registry.npmjs.org/@bemoje/util/-/util-0.6.4.tgz",
      "integrity": "sha512-br1X8aZikDvyrtS9ZLFAu2s19z7qH+ko9PvZLcDJxtkRjphn6steDHfQAWnuMbe7I76wgfYGYLheyV2Xnph26Q=="
    },
    "tslib": {
      "version": "2.6.2",
      "resolved": "https://registry.npmjs.org/tslib/-/tslib-2.6.2.tgz",
      "integrity": "sha512-AEYxH93jGFPn/a2iVAwW87VuUIkR1FVUKB77NwMF7nBTDkDrrT/Hpt/IrCJ0QXhW27jTBDcf5ZY7w6RiqTMw2Q=="
    }
  }
}
