{
  "name": "@bemoje/util",
  "version": "0.0.15",
  "lockfileVersion": 2,
  "requires": true,
  "packages": {
    "": {
      "name": "@bemoje/util",
      "version": "0.0.15",
      "license": "MIT",
      "devDependencies": {},
      "funding": {
        "type": "patreon",
        "url": "https://www.patreon.com/user?u=40752770"
      }
    }
  }
}
