{
  "name": "@bemoje/repoman",
  "version": "0.0.2",
  "lockfileVersion": 2,
  "requires": true,
  "packages": {
    "": {
      "name": "@bemoje/repoman",
      "version": "0.0.2",
      "license": "MIT",
      "dependencies": {
        "@bemoje/util": "latest"
      },
      "bin": {
        "rman": "bin/index.js"
      },
      "devDependencies": {},
      "funding": {
        "type": "patreon",
        "url": "https://www.patreon.com/user?u=40752770"
      }
    },
    "node_modules/@bemoje/util": {
      "version": "0.0.7",
      "resolved": "https://registry.npmjs.org/@bemoje/util/-/util-0.0.7.tgz",
      "integrity": "sha512-eAjzZ0dfsmv7986tQT1JbAnBY/W94HNH3E6I3EItoRe4HHjevfwnn0qZ3ym2xnopv776zupu45mWhtPY3XI2xw==",
      "funding": {
        "type": "patreon",
        "url": "https://www.patreon.com/user?u=40752770"
      }
    }
  },
  "dependencies": {
    "@bemoje/util": {
      "version": "0.0.7",
      "resolved": "https://registry.npmjs.org/@bemoje/util/-/util-0.0.7.tgz",
      "integrity": "sha512-eAjzZ0dfsmv7986tQT1JbAnBY/W94HNH3E6I3EItoRe4HHjevfwnn0qZ3ym2xnopv776zupu45mWhtPY3XI2xw=="
    }
  }
}
