{
  "name": "@bemoje/tscode",
  "version": "0.1.10",
  "lockfileVersion": 2,
  "requires": true,
  "packages": {
    "": {
      "name": "@bemoje/tscode",
      "version": "0.1.10",
      "license": "MIT",
      "dependencies": {
        "@bemoje/util": "latest",
        "tslib": "^2.3.0"
      },
      "devDependencies": {},
      "funding": {
        "type": "patreon",
        "url": "https://www.patreon.com/user?u=40752770"
      }
    },
    "node_modules/@bemoje/util": {
      "version": "0.1.5",
      "resolved": "https://registry.npmjs.org/@bemoje/util/-/util-0.1.5.tgz",
      "integrity": "sha512-pEiUA2KrquCNt90yIdNoNSj03sCHx5xXZEh5c6YEMS3+GewDVYDeYY10L1YVgo4CYxAjFl7i9G472a1vbrJTUw==",
      "funding": {
        "type": "patreon",
        "url": "https://www.patreon.com/user?u=40752770"
      }
    },
    "node_modules/tslib": {
      "version": "2.6.2",
      "resolved": "https://registry.npmjs.org/tslib/-/tslib-2.6.2.tgz",
      "integrity": "sha512-AEYxH93jGFPn/a2iVAwW87VuUIkR1FVUKB77NwMF7nBTDkDrrT/Hpt/IrCJ0QXhW27jTBDcf5ZY7w6RiqTMw2Q=="
    }
  },
  "dependencies": {
    "@bemoje/util": {
      "version": "0.1.5",
      "resolved": "https://registry.npmjs.org/@bemoje/util/-/util-0.1.5.tgz",
      "integrity": "sha512-pEiUA2KrquCNt90yIdNoNSj03sCHx5xXZEh5c6YEMS3+GewDVYDeYY10L1YVgo4CYxAjFl7i9G472a1vbrJTUw=="
    },
    "tslib": {
      "version": "2.6.2",
      "resolved": "https://registry.npmjs.org/tslib/-/tslib-2.6.2.tgz",
      "integrity": "sha512-AEYxH93jGFPn/a2iVAwW87VuUIkR1FVUKB77NwMF7nBTDkDrrT/Hpt/IrCJ0QXhW27jTBDcf5ZY7w6RiqTMw2Q=="
    }
  }
}
