{
  "name": "@bemoje/markdown",
  "version": "0.0.9",
  "lockfileVersion": 2,
  "requires": true,
  "packages": {
    "": {
      "name": "@bemoje/markdown",
      "version": "0.0.9",
      "license": "MIT",
      "dependencies": {
        "@bemoje/string": "latest",
        "tslib": "^2.3.0"
      },
      "funding": {
        "type": "patreon",
        "url": "https://www.patreon.com/user?u=40752770"
      }
    },
    "node_modules/@bemoje/sort": {
      "version": "0.0.9",
      "resolved": "https://registry.npmjs.org/@bemoje/sort/-/sort-0.0.9.tgz",
      "integrity": "sha512-u50LjY/lARp0XnxfHPuOZkZota0of+Vy3xKZ0uRph0bTUfvjsPw5HHqX45UuxA+qOkSB/xqhR1UABCFkl9E1AA==",
      "funding": {
        "type": "patreon",
        "url": "https://www.patreon.com/user?u=40752770"
      }
    },
    "node_modules/@bemoje/string": {
      "version": "0.0.13",
      "resolved": "https://registry.npmjs.org/@bemoje/string/-/string-0.0.13.tgz",
      "integrity": "sha512-asxD5X8WQI8OD10BB5pzPwLBUI+hlkaaSm74xr7wySSdgj3iMh0zvF+v/4l3yJY2yAkpMrV98f0PsN88ggRfDw==",
      "dependencies": {
        "@bemoje/sort": "latest"
      },
      "funding": {
        "type": "patreon",
        "url": "https://www.patreon.com/user?u=40752770"
      }
    },
    "node_modules/tslib": {
      "version": "2.3.0",
      "resolved": "https://registry.npmjs.org/tslib/-/tslib-2.3.0.tgz",
      "integrity": "sha512-N82ooyxVNm6h1riLCoyS9e3fuJ3AMG2zIZs2Gd1ATcSFjSA23Q0fzjjZeh0jbJvWVDZ0cJT8yaNNaaXHzueNjg=="
    }
  },
  "dependencies": {
    "@bemoje/sort": {
      "version": "0.0.9",
      "resolved": "https://registry.npmjs.org/@bemoje/sort/-/sort-0.0.9.tgz",
      "integrity": "sha512-u50LjY/lARp0XnxfHPuOZkZota0of+Vy3xKZ0uRph0bTUfvjsPw5HHqX45UuxA+qOkSB/xqhR1UABCFkl9E1AA=="
    },
    "@bemoje/string": {
      "version": "0.0.13",
      "resolved": "https://registry.npmjs.org/@bemoje/string/-/string-0.0.13.tgz",
      "integrity": "sha512-asxD5X8WQI8OD10BB5pzPwLBUI+hlkaaSm74xr7wySSdgj3iMh0zvF+v/4l3yJY2yAkpMrV98f0PsN88ggRfDw==",
      "requires": {
        "@bemoje/sort": "latest"
      }
    },
    "tslib": {
      "version": "2.3.0",
      "resolved": "https://registry.npmjs.org/tslib/-/tslib-2.3.0.tgz",
      "integrity": "sha512-N82ooyxVNm6h1riLCoyS9e3fuJ3AMG2zIZs2Gd1ATcSFjSA23Q0fzjjZeh0jbJvWVDZ0cJT8yaNNaaXHzueNjg=="
    }
  }
}
