{
  "name": "@bemoje/array",
  "version": "0.2.8",
  "lockfileVersion": 2,
  "requires": true,
  "packages": {
    "": {
      "name": "@bemoje/array",
      "version": "0.2.8",
      "license": "MIT",
      "dependencies": {
        "@bemoje/number": "latest",
        "@bemoje/sort": "latest",
        "@bemoje/string": "latest",
        "@bemoje/validation": "latest",
        "tslib": "^2.3.0"
      },
      "funding": {
        "type": "patreon",
        "url": "https://www.patreon.com/user?u=40752770"
      }
    },
    "node_modules/@bemoje/date": {
      "version": "0.2.9",
      "resolved": "https://registry.npmjs.org/@bemoje/date/-/date-0.2.9.tgz",
      "integrity": "sha512-QLsOkIB0emU3VCvMcgHRs5Ek3uZRdQxlTPEel5fKY1tH7eP8dQ5/LRq+YnZChMjv77xC/OB3rrR36ZJA7SeV2g==",
      "dependencies": {
        "tslib": "^2.3.0"
      },
      "funding": {
        "type": "patreon",
        "url": "https://www.patreon.com/user?u=40752770"
      }
    },
    "node_modules/@bemoje/number": {
      "version": "0.2.9",
      "resolved": "https://registry.npmjs.org/@bemoje/number/-/number-0.2.9.tgz",
      "integrity": "sha512-9HuEW7HThf8O6kOGnf9yVtjQIFdzm14jYH4AA1MMmuIcSbgiLAMylBHyZa7BQK0GLvxQzzUVxx/bqew2xZAR4Q==",
      "dependencies": {
        "@bemoje/string": "latest",
        "@bemoje/validation": "latest",
        "tslib": "^2.3.0"
      },
      "funding": {
        "type": "patreon",
        "url": "https://www.patreon.com/user?u=40752770"
      }
    },
    "node_modules/@bemoje/sort": {
      "version": "0.2.8",
      "resolved": "https://registry.npmjs.org/@bemoje/sort/-/sort-0.2.8.tgz",
      "integrity": "sha512-/6e/y1ppTpGF8iZuCozlcHqU1ZVZDtLQB2fXvVr8d9ecDQFLCe46plvTLpb6gs+5JysD3cMKWwaS6RAmzeDPSg==",
      "dependencies": {
        "tslib": "^2.3.0"
      },
      "funding": {
        "type": "patreon",
        "url": "https://www.patreon.com/user?u=40752770"
      }
    },
    "node_modules/@bemoje/string": {
      "version": "0.2.9",
      "resolved": "https://registry.npmjs.org/@bemoje/string/-/string-0.2.9.tgz",
      "integrity": "sha512-L1i9ZdTdHTCd7K3GzoiOSYz0XQR3JkFe52bQRbXtGSpC6+4oZ4FfNjGxQxejeKmYlJS/AzsG/qFEHpDjwSjkBw==",
      "dependencies": {
        "@bemoje/sort": "latest",
        "tslib": "^2.3.0"
      },
      "funding": {
        "type": "patreon",
        "url": "https://www.patreon.com/user?u=40752770"
      }
    },
    "node_modules/@bemoje/validation": {
      "version": "0.2.9",
      "resolved": "https://registry.npmjs.org/@bemoje/validation/-/validation-0.2.9.tgz",
      "integrity": "sha512-c3cxJlmI0wyCcmdSDhi1AP3R2Tnw/oxWdxv04ItEhTwoiNw9QsoK48xX1RKuaB39ko82uAnWYQAFSGbhaOdFvw==",
      "dependencies": {
        "@bemoje/date": "latest",
        "@bemoje/string": "latest",
        "tslib": "^2.3.0"
      },
      "funding": {
        "type": "patreon",
        "url": "https://www.patreon.com/user?u=40752770"
      }
    },
    "node_modules/tslib": {
      "version": "2.6.2",
      "resolved": "https://registry.npmjs.org/tslib/-/tslib-2.6.2.tgz",
      "integrity": "sha512-AEYxH93jGFPn/a2iVAwW87VuUIkR1FVUKB77NwMF7nBTDkDrrT/Hpt/IrCJ0QXhW27jTBDcf5ZY7w6RiqTMw2Q=="
    }
  },
  "dependencies": {
    "@bemoje/date": {
      "version": "0.2.9",
      "resolved": "https://registry.npmjs.org/@bemoje/date/-/date-0.2.9.tgz",
      "integrity": "sha512-QLsOkIB0emU3VCvMcgHRs5Ek3uZRdQxlTPEel5fKY1tH7eP8dQ5/LRq+YnZChMjv77xC/OB3rrR36ZJA7SeV2g==",
      "requires": {
        "tslib": "^2.3.0"
      }
    },
    "@bemoje/number": {
      "version": "0.2.9",
      "resolved": "https://registry.npmjs.org/@bemoje/number/-/number-0.2.9.tgz",
      "integrity": "sha512-9HuEW7HThf8O6kOGnf9yVtjQIFdzm14jYH4AA1MMmuIcSbgiLAMylBHyZa7BQK0GLvxQzzUVxx/bqew2xZAR4Q==",
      "requires": {
        "@bemoje/string": "latest",
        "@bemoje/validation": "latest",
        "tslib": "^2.3.0"
      }
    },
    "@bemoje/sort": {
      "version": "0.2.8",
      "resolved": "https://registry.npmjs.org/@bemoje/sort/-/sort-0.2.8.tgz",
      "integrity": "sha512-/6e/y1ppTpGF8iZuCozlcHqU1ZVZDtLQB2fXvVr8d9ecDQFLCe46plvTLpb6gs+5JysD3cMKWwaS6RAmzeDPSg==",
      "requires": {
        "tslib": "^2.3.0"
      }
    },
    "@bemoje/string": {
      "version": "0.2.9",
      "resolved": "https://registry.npmjs.org/@bemoje/string/-/string-0.2.9.tgz",
      "integrity": "sha512-L1i9ZdTdHTCd7K3GzoiOSYz0XQR3JkFe52bQRbXtGSpC6+4oZ4FfNjGxQxejeKmYlJS/AzsG/qFEHpDjwSjkBw==",
      "requires": {
        "@bemoje/sort": "latest",
        "tslib": "^2.3.0"
      }
    },
    "@bemoje/validation": {
      "version": "0.2.9",
      "resolved": "https://registry.npmjs.org/@bemoje/validation/-/validation-0.2.9.tgz",
      "integrity": "sha512-c3cxJlmI0wyCcmdSDhi1AP3R2Tnw/oxWdxv04ItEhTwoiNw9QsoK48xX1RKuaB39ko82uAnWYQAFSGbhaOdFvw==",
      "requires": {
        "@bemoje/date": "latest",
        "@bemoje/string": "latest",
        "tslib": "^2.3.0"
      }
    },
    "tslib": {
      "version": "2.6.2",
      "resolved": "https://registry.npmjs.org/tslib/-/tslib-2.6.2.tgz",
      "integrity": "sha512-AEYxH93jGFPn/a2iVAwW87VuUIkR1FVUKB77NwMF7nBTDkDrrT/Hpt/IrCJ0QXhW27jTBDcf5ZY7w6RiqTMw2Q=="
    }
  }
}
