{
  "name": "@bemoje/function",
  "version": "0.0.9",
  "lockfileVersion": 2,
  "requires": true,
  "packages": {
    "": {
      "name": "@bemoje/function",
      "version": "0.0.9",
      "license": "MIT",
      "dependencies": {
        "@bemoje/async": "latest",
        "@bemoje/queue": "latest",
        "tslib": "^2.3.0"
      },
      "funding": {
        "type": "patreon",
        "url": "https://www.patreon.com/user?u=40752770"
      }
    },
    "node_modules/@bemoje/array": {
      "version": "0.0.10",
      "resolved": "https://registry.npmjs.org/@bemoje/array/-/array-0.0.10.tgz",
      "integrity": "sha512-HrYg9OkCS2f/6bBXQUBEcDkd+Rle/ji8wdT4VahC9gA73OkQCiHip3RgvGaXuiXo4k/aVfOULxjjrw0+phbr5w==",
      "dependencies": {
        "@bemoje/number": "latest",
        "@bemoje/sort": "latest",
        "@bemoje/string": "latest",
        "@bemoje/validation": "latest"
      },
      "funding": {
        "type": "patreon",
        "url": "https://www.patreon.com/user?u=40752770"
      }
    },
    "node_modules/@bemoje/async": {
      "version": "0.0.9",
      "resolved": "https://registry.npmjs.org/@bemoje/async/-/async-0.0.9.tgz",
      "integrity": "sha512-LWSc+be+NaO9JnbghvO0aYeyf9Ne4N8KotdY5OVq1wM6ep7E7nlTELt3Uy11EDSDkm4yavqUiC7N2z8JGKJryA==",
      "dependencies": {
        "@bemoje/validation": "latest"
      },
      "funding": {
        "type": "patreon",
        "url": "https://www.patreon.com/user?u=40752770"
      }
    },
    "node_modules/@bemoje/date": {
      "version": "0.0.11",
      "resolved": "https://registry.npmjs.org/@bemoje/date/-/date-0.0.11.tgz",
      "integrity": "sha512-BM+QtgWJHBQjhIFPf1YahvS/BgGYNW2qcJaEj6nI8D5m9pBbREInP4ByTa/R1vtHj/5+uOcFY4e1m/FyESmZSQ==",
      "funding": {
        "type": "patreon",
        "url": "https://www.patreon.com/user?u=40752770"
      }
    },
    "node_modules/@bemoje/number": {
      "version": "0.0.9",
      "resolved": "https://registry.npmjs.org/@bemoje/number/-/number-0.0.9.tgz",
      "integrity": "sha512-DopheBiZKkMKfCvlB0a6IX7AQ2xq7ZmRVJjqQbHve0QZSFcJRot9QAEo2agHMT10hs1/NVOJqR7At0/xpkSy8Q==",
      "dependencies": {
        "@bemoje/string": "latest",
        "@bemoje/validation": "latest"
      },
      "funding": {
        "type": "patreon",
        "url": "https://www.patreon.com/user?u=40752770"
      }
    },
    "node_modules/@bemoje/queue": {
      "version": "0.0.13",
      "resolved": "https://registry.npmjs.org/@bemoje/queue/-/queue-0.0.13.tgz",
      "integrity": "sha512-l2we65V0vLqOx5FpmHz6iZ508FdzAqfaUYBIv3rVFo8jzJo88wl0OqgNmmZua5H8G4WkLr5I27oSc/udzR3QgA==",
      "dependencies": {
        "@bemoje/array": "latest"
      },
      "funding": {
        "type": "patreon",
        "url": "https://www.patreon.com/user?u=40752770"
      }
    },
    "node_modules/@bemoje/sort": {
      "version": "0.0.9",
      "resolved": "https://registry.npmjs.org/@bemoje/sort/-/sort-0.0.9.tgz",
      "integrity": "sha512-u50LjY/lARp0XnxfHPuOZkZota0of+Vy3xKZ0uRph0bTUfvjsPw5HHqX45UuxA+qOkSB/xqhR1UABCFkl9E1AA==",
      "funding": {
        "type": "patreon",
        "url": "https://www.patreon.com/user?u=40752770"
      }
    },
    "node_modules/@bemoje/string": {
      "version": "0.0.13",
      "resolved": "https://registry.npmjs.org/@bemoje/string/-/string-0.0.13.tgz",
      "integrity": "sha512-asxD5X8WQI8OD10BB5pzPwLBUI+hlkaaSm74xr7wySSdgj3iMh0zvF+v/4l3yJY2yAkpMrV98f0PsN88ggRfDw==",
      "dependencies": {
        "@bemoje/sort": "latest"
      },
      "funding": {
        "type": "patreon",
        "url": "https://www.patreon.com/user?u=40752770"
      }
    },
    "node_modules/@bemoje/validation": {
      "version": "0.0.8",
      "resolved": "https://registry.npmjs.org/@bemoje/validation/-/validation-0.0.8.tgz",
      "integrity": "sha512-q/56xi1oe24lb5CG/YaQYvOAvMOupiIYav+FTH5JwhrsD55+egdc3A5VkM7iQOj5cg387WX6chxpskDfiCBrOA==",
      "dependencies": {
        "@bemoje/date": "latest",
        "@bemoje/string": "latest"
      },
      "funding": {
        "type": "patreon",
        "url": "https://www.patreon.com/user?u=40752770"
      }
    },
    "node_modules/tslib": {
      "version": "2.3.0",
      "resolved": "https://registry.npmjs.org/tslib/-/tslib-2.3.0.tgz",
      "integrity": "sha512-N82ooyxVNm6h1riLCoyS9e3fuJ3AMG2zIZs2Gd1ATcSFjSA23Q0fzjjZeh0jbJvWVDZ0cJT8yaNNaaXHzueNjg=="
    }
  },
  "dependencies": {
    "@bemoje/array": {
      "version": "0.0.10",
      "resolved": "https://registry.npmjs.org/@bemoje/array/-/array-0.0.10.tgz",
      "integrity": "sha512-HrYg9OkCS2f/6bBXQUBEcDkd+Rle/ji8wdT4VahC9gA73OkQCiHip3RgvGaXuiXo4k/aVfOULxjjrw0+phbr5w==",
      "requires": {
        "@bemoje/number": "latest",
        "@bemoje/sort": "latest",
        "@bemoje/string": "latest",
        "@bemoje/validation": "latest"
      }
    },
    "@bemoje/async": {
      "version": "0.0.9",
      "resolved": "https://registry.npmjs.org/@bemoje/async/-/async-0.0.9.tgz",
      "integrity": "sha512-LWSc+be+NaO9JnbghvO0aYeyf9Ne4N8KotdY5OVq1wM6ep7E7nlTELt3Uy11EDSDkm4yavqUiC7N2z8JGKJryA==",
      "requires": {
        "@bemoje/validation": "latest"
      }
    },
    "@bemoje/date": {
      "version": "0.0.11",
      "resolved": "https://registry.npmjs.org/@bemoje/date/-/date-0.0.11.tgz",
      "integrity": "sha512-BM+QtgWJHBQjhIFPf1YahvS/BgGYNW2qcJaEj6nI8D5m9pBbREInP4ByTa/R1vtHj/5+uOcFY4e1m/FyESmZSQ=="
    },
    "@bemoje/number": {
      "version": "0.0.9",
      "resolved": "https://registry.npmjs.org/@bemoje/number/-/number-0.0.9.tgz",
      "integrity": "sha512-DopheBiZKkMKfCvlB0a6IX7AQ2xq7ZmRVJjqQbHve0QZSFcJRot9QAEo2agHMT10hs1/NVOJqR7At0/xpkSy8Q==",
      "requires": {
        "@bemoje/string": "latest",
        "@bemoje/validation": "latest"
      }
    },
    "@bemoje/queue": {
      "version": "0.0.13",
      "resolved": "https://registry.npmjs.org/@bemoje/queue/-/queue-0.0.13.tgz",
      "integrity": "sha512-l2we65V0vLqOx5FpmHz6iZ508FdzAqfaUYBIv3rVFo8jzJo88wl0OqgNmmZua5H8G4WkLr5I27oSc/udzR3QgA==",
      "requires": {
        "@bemoje/array": "latest"
      }
    },
    "@bemoje/sort": {
      "version": "0.0.9",
      "resolved": "https://registry.npmjs.org/@bemoje/sort/-/sort-0.0.9.tgz",
      "integrity": "sha512-u50LjY/lARp0XnxfHPuOZkZota0of+Vy3xKZ0uRph0bTUfvjsPw5HHqX45UuxA+qOkSB/xqhR1UABCFkl9E1AA=="
    },
    "@bemoje/string": {
      "version": "0.0.13",
      "resolved": "https://registry.npmjs.org/@bemoje/string/-/string-0.0.13.tgz",
      "integrity": "sha512-asxD5X8WQI8OD10BB5pzPwLBUI+hlkaaSm74xr7wySSdgj3iMh0zvF+v/4l3yJY2yAkpMrV98f0PsN88ggRfDw==",
      "requires": {
        "@bemoje/sort": "latest"
      }
    },
    "@bemoje/validation": {
      "version": "0.0.8",
      "resolved": "https://registry.npmjs.org/@bemoje/validation/-/validation-0.0.8.tgz",
      "integrity": "sha512-q/56xi1oe24lb5CG/YaQYvOAvMOupiIYav+FTH5JwhrsD55+egdc3A5VkM7iQOj5cg387WX6chxpskDfiCBrOA==",
      "requires": {
        "@bemoje/date": "latest",
        "@bemoje/string": "latest"
      }
    },
    "tslib": {
      "version": "2.3.0",
      "resolved": "https://registry.npmjs.org/tslib/-/tslib-2.3.0.tgz",
      "integrity": "sha512-N82ooyxVNm6h1riLCoyS9e3fuJ3AMG2zIZs2Gd1ATcSFjSA23Q0fzjjZeh0jbJvWVDZ0cJT8yaNNaaXHzueNjg=="
    }
  }
}
