{
  "name": "@bemoje/tsdoc",
  "version": "0.1.9",
  "lockfileVersion": 2,
  "requires": true,
  "packages": {
    "": {
      "name": "@bemoje/tsdoc",
      "version": "0.1.9",
      "license": "MIT",
      "dependencies": {
        "@bemoje/util": "latest",
        "tslib": "^2.3.0"
      },
      "devDependencies": {},
      "funding": {
        "type": "patreon",
        "url": "https://www.patreon.com/user?u=40752770"
      }
    },
    "node_modules/@bemoje/util": {
      "version": "0.0.24",
      "resolved": "https://registry.npmjs.org/@bemoje/util/-/util-0.0.24.tgz",
      "integrity": "sha512-i6qpS05zbYQRlDscYTU1sQL/rCRM4xuq3v5LOMNa73i/PVmZqrtTvTPyrgBz2WrSReookfymm8+sKn6KsTsw7A==",
      "funding": {
        "type": "patreon",
        "url": "https://www.patreon.com/user?u=40752770"
      }
    },
    "node_modules/tslib": {
      "version": "2.6.2",
      "resolved": "https://registry.npmjs.org/tslib/-/tslib-2.6.2.tgz",
      "integrity": "sha512-AEYxH93jGFPn/a2iVAwW87VuUIkR1FVUKB77NwMF7nBTDkDrrT/Hpt/IrCJ0QXhW27jTBDcf5ZY7w6RiqTMw2Q=="
    }
  },
  "dependencies": {
    "@bemoje/util": {
      "version": "0.0.24",
      "resolved": "https://registry.npmjs.org/@bemoje/util/-/util-0.0.24.tgz",
      "integrity": "sha512-i6qpS05zbYQRlDscYTU1sQL/rCRM4xuq3v5LOMNa73i/PVmZqrtTvTPyrgBz2WrSReookfymm8+sKn6KsTsw7A=="
    },
    "tslib": {
      "version": "2.6.2",
      "resolved": "https://registry.npmjs.org/tslib/-/tslib-2.6.2.tgz",
      "integrity": "sha512-AEYxH93jGFPn/a2iVAwW87VuUIkR1FVUKB77NwMF7nBTDkDrrT/Hpt/IrCJ0QXhW27jTBDcf5ZY7w6RiqTMw2Q=="
    }
  }
}
