{
  "name": "@bemoje/tsdoc",
  "version": "0.1.4",
  "lockfileVersion": 2,
  "requires": true,
  "packages": {
    "": {
      "name": "@bemoje/tsdoc",
      "version": "0.1.4",
      "license": "MIT",
      "dependencies": {
        "@bemoje/array": "latest",
        "@bemoje/map": "latest",
        "@bemoje/string": "latest",
        "tslib": "^2.3.0"
      },
      "funding": {
        "type": "patreon",
        "url": "https://www.patreon.com/user?u=40752770"
      }
    },
    "node_modules/@bemoje/array": {
      "version": "0.2.4",
      "resolved": "https://registry.npmjs.org/@bemoje/array/-/array-0.2.4.tgz",
      "integrity": "sha512-/PD5kB9Q6HoQcBhk6OmwOJFmDy1jGuo2fn72rSjB10qc56noN07J2XI0omBkdiMQ2MmOWHi2K667mymOtQlo/Q==",
      "dependencies": {
        "@bemoje/number": "latest",
        "@bemoje/sort": "latest",
        "@bemoje/string": "latest",
        "@bemoje/validation": "latest",
        "tslib": "^2.3.0"
      },
      "funding": {
        "type": "patreon",
        "url": "https://www.patreon.com/user?u=40752770"
      }
    },
    "node_modules/@bemoje/date": {
      "version": "0.2.4",
      "resolved": "https://registry.npmjs.org/@bemoje/date/-/date-0.2.4.tgz",
      "integrity": "sha512-1RrW4cW0Nn6M1JKVx70d7JwlDBofXHSSa3UhAl5iV/WjB7k5eVQg5kmfSoavmzJUA3aiUbbihBLpENCCxc55Lg==",
      "dependencies": {
        "tslib": "^2.3.0"
      },
      "funding": {
        "type": "patreon",
        "url": "https://www.patreon.com/user?u=40752770"
      }
    },
    "node_modules/@bemoje/map": {
      "version": "0.1.4",
      "resolved": "https://registry.npmjs.org/@bemoje/map/-/map-0.1.4.tgz",
      "integrity": "sha512-nSXscr4E6YBMomak9bBAanSct7jVlWfx14Kc4sxoAK7++pluumlZQviBBzgUSZXPrOHg9/pvIqLv9K1McqTttg==",
      "dependencies": {
        "tslib": "^2.3.0"
      },
      "funding": {
        "type": "patreon",
        "url": "https://www.patreon.com/user?u=40752770"
      }
    },
    "node_modules/@bemoje/number": {
      "version": "0.2.4",
      "resolved": "https://registry.npmjs.org/@bemoje/number/-/number-0.2.4.tgz",
      "integrity": "sha512-Ae6CG3aOmHhvwLDGXEsmIRL56mGgm0Luh2LEdojLuopzcI9ScJ4JpZW9GYwRu2ESovYfjlE7Q86pOncvXOcoqg==",
      "dependencies": {
        "@bemoje/string": "latest",
        "@bemoje/validation": "latest",
        "tslib": "^2.3.0"
      },
      "funding": {
        "type": "patreon",
        "url": "https://www.patreon.com/user?u=40752770"
      }
    },
    "node_modules/@bemoje/sort": {
      "version": "0.2.5",
      "resolved": "https://registry.npmjs.org/@bemoje/sort/-/sort-0.2.5.tgz",
      "integrity": "sha512-8KY+qhVMUgGy1sy0PXFAxdZwh1yPkyzQXi/N8nt+rQAlpYU06aU+GcL+R6C6wnnnupV5rTKwGRtJbhnm8SyCmw==",
      "dependencies": {
        "tslib": "^2.3.0"
      },
      "funding": {
        "type": "patreon",
        "url": "https://www.patreon.com/user?u=40752770"
      }
    },
    "node_modules/@bemoje/string": {
      "version": "0.2.4",
      "resolved": "https://registry.npmjs.org/@bemoje/string/-/string-0.2.4.tgz",
      "integrity": "sha512-nUN+FjRZNiu0GTsm9noF6ramCiREloo1A9j3+Xw5KG9hqgH/5DZLLWjAq9hef8f2V/A8LhOBqYFuT2WLV/J2QA==",
      "dependencies": {
        "@bemoje/sort": "latest",
        "tslib": "^2.3.0"
      },
      "funding": {
        "type": "patreon",
        "url": "https://www.patreon.com/user?u=40752770"
      }
    },
    "node_modules/@bemoje/validation": {
      "version": "0.2.4",
      "resolved": "https://registry.npmjs.org/@bemoje/validation/-/validation-0.2.4.tgz",
      "integrity": "sha512-QKsIM1gM7gPX/j+pJVqLTzsCEWWX5j6aS6Cm1FlvXB6Scy5jr5ivzQ5CFN92yC5gcpkg6hGRv5+4TQR0o/o8dQ==",
      "dependencies": {
        "@bemoje/date": "latest",
        "@bemoje/string": "latest",
        "tslib": "^2.3.0"
      },
      "funding": {
        "type": "patreon",
        "url": "https://www.patreon.com/user?u=40752770"
      }
    },
    "node_modules/tslib": {
      "version": "2.6.2",
      "resolved": "https://registry.npmjs.org/tslib/-/tslib-2.6.2.tgz",
      "integrity": "sha512-AEYxH93jGFPn/a2iVAwW87VuUIkR1FVUKB77NwMF7nBTDkDrrT/Hpt/IrCJ0QXhW27jTBDcf5ZY7w6RiqTMw2Q=="
    }
  },
  "dependencies": {
    "@bemoje/array": {
      "version": "0.2.4",
      "resolved": "https://registry.npmjs.org/@bemoje/array/-/array-0.2.4.tgz",
      "integrity": "sha512-/PD5kB9Q6HoQcBhk6OmwOJFmDy1jGuo2fn72rSjB10qc56noN07J2XI0omBkdiMQ2MmOWHi2K667mymOtQlo/Q==",
      "requires": {
        "@bemoje/number": "latest",
        "@bemoje/sort": "latest",
        "@bemoje/string": "latest",
        "@bemoje/validation": "latest",
        "tslib": "^2.3.0"
      }
    },
    "@bemoje/date": {
      "version": "0.2.4",
      "resolved": "https://registry.npmjs.org/@bemoje/date/-/date-0.2.4.tgz",
      "integrity": "sha512-1RrW4cW0Nn6M1JKVx70d7JwlDBofXHSSa3UhAl5iV/WjB7k5eVQg5kmfSoavmzJUA3aiUbbihBLpENCCxc55Lg==",
      "requires": {
        "tslib": "^2.3.0"
      }
    },
    "@bemoje/map": {
      "version": "0.1.4",
      "resolved": "https://registry.npmjs.org/@bemoje/map/-/map-0.1.4.tgz",
      "integrity": "sha512-nSXscr4E6YBMomak9bBAanSct7jVlWfx14Kc4sxoAK7++pluumlZQviBBzgUSZXPrOHg9/pvIqLv9K1McqTttg==",
      "requires": {
        "tslib": "^2.3.0"
      }
    },
    "@bemoje/number": {
      "version": "0.2.4",
      "resolved": "https://registry.npmjs.org/@bemoje/number/-/number-0.2.4.tgz",
      "integrity": "sha512-Ae6CG3aOmHhvwLDGXEsmIRL56mGgm0Luh2LEdojLuopzcI9ScJ4JpZW9GYwRu2ESovYfjlE7Q86pOncvXOcoqg==",
      "requires": {
        "@bemoje/string": "latest",
        "@bemoje/validation": "latest",
        "tslib": "^2.3.0"
      }
    },
    "@bemoje/sort": {
      "version": "0.2.5",
      "resolved": "https://registry.npmjs.org/@bemoje/sort/-/sort-0.2.5.tgz",
      "integrity": "sha512-8KY+qhVMUgGy1sy0PXFAxdZwh1yPkyzQXi/N8nt+rQAlpYU06aU+GcL+R6C6wnnnupV5rTKwGRtJbhnm8SyCmw==",
      "requires": {
        "tslib": "^2.3.0"
      }
    },
    "@bemoje/string": {
      "version": "0.2.4",
      "resolved": "https://registry.npmjs.org/@bemoje/string/-/string-0.2.4.tgz",
      "integrity": "sha512-nUN+FjRZNiu0GTsm9noF6ramCiREloo1A9j3+Xw5KG9hqgH/5DZLLWjAq9hef8f2V/A8LhOBqYFuT2WLV/J2QA==",
      "requires": {
        "@bemoje/sort": "latest",
        "tslib": "^2.3.0"
      }
    },
    "@bemoje/validation": {
      "version": "0.2.4",
      "resolved": "https://registry.npmjs.org/@bemoje/validation/-/validation-0.2.4.tgz",
      "integrity": "sha512-QKsIM1gM7gPX/j+pJVqLTzsCEWWX5j6aS6Cm1FlvXB6Scy5jr5ivzQ5CFN92yC5gcpkg6hGRv5+4TQR0o/o8dQ==",
      "requires": {
        "@bemoje/date": "latest",
        "@bemoje/string": "latest",
        "tslib": "^2.3.0"
      }
    },
    "tslib": {
      "version": "2.6.2",
      "resolved": "https://registry.npmjs.org/tslib/-/tslib-2.6.2.tgz",
      "integrity": "sha512-AEYxH93jGFPn/a2iVAwW87VuUIkR1FVUKB77NwMF7nBTDkDrrT/Hpt/IrCJ0QXhW27jTBDcf5ZY7w6RiqTMw2Q=="
    }
  }
}
