{
  "name": "@bemoje/number",
  "version": "0.2.3",
  "lockfileVersion": 2,
  "requires": true,
  "packages": {
    "": {
      "name": "@bemoje/number",
      "version": "0.2.3",
      "license": "MIT",
      "dependencies": {
        "@bemoje/string": "latest",
        "@bemoje/validation": "latest",
        "tslib": "^2.3.0"
      },
      "funding": {
        "type": "patreon",
        "url": "https://www.patreon.com/user?u=40752770"
      }
    },
    "node_modules/@bemoje/date": {
      "version": "0.2.3",
      "resolved": "https://registry.npmjs.org/@bemoje/date/-/date-0.2.3.tgz",
      "integrity": "sha512-b98XHdwKgTTB2U1Xj+EVv+pVjmEeWjx/eSUO53KeoXi5i8AjBKaMuiDmRDgHinr48SA5bE6QfjhyhCo6yfW4YQ==",
      "dependencies": {
        "tslib": "^2.3.0"
      },
      "funding": {
        "type": "patreon",
        "url": "https://www.patreon.com/user?u=40752770"
      }
    },
    "node_modules/@bemoje/sort": {
      "version": "0.2.4",
      "resolved": "https://registry.npmjs.org/@bemoje/sort/-/sort-0.2.4.tgz",
      "integrity": "sha512-GYm8SamlTtHJRSLkV2a1WyEL+BiyksIh9NhRH10ZrbMjSYVSaTsSs++O+Qaw7BL+jJ8EtqqZIyimbOWnzQ11NQ==",
      "dependencies": {
        "tslib": "^2.3.0"
      },
      "funding": {
        "type": "patreon",
        "url": "https://www.patreon.com/user?u=40752770"
      }
    },
    "node_modules/@bemoje/string": {
      "version": "0.2.3",
      "resolved": "https://registry.npmjs.org/@bemoje/string/-/string-0.2.3.tgz",
      "integrity": "sha512-L8hqCMyQ9eQTKeRGrE1xf8Av14oS0x1CUOwXXlQKExs4hwjYQVhc0W+ku1c64uUIkz5Q67wP8q3jejkN+2lGqQ==",
      "dependencies": {
        "@bemoje/sort": "latest",
        "tslib": "^2.3.0"
      },
      "funding": {
        "type": "patreon",
        "url": "https://www.patreon.com/user?u=40752770"
      }
    },
    "node_modules/@bemoje/validation": {
      "version": "0.2.3",
      "resolved": "https://registry.npmjs.org/@bemoje/validation/-/validation-0.2.3.tgz",
      "integrity": "sha512-/1eIodRLfNicHPaC3wJYbfp0DMUaKIS1ycaXWLaVH/erTPmd2a46bncZjutzpdW/KXosuTEMJfJHypAyOqV3Ng==",
      "dependencies": {
        "@bemoje/date": "latest",
        "@bemoje/string": "latest",
        "tslib": "^2.3.0"
      },
      "funding": {
        "type": "patreon",
        "url": "https://www.patreon.com/user?u=40752770"
      }
    },
    "node_modules/tslib": {
      "version": "2.6.2",
      "resolved": "https://registry.npmjs.org/tslib/-/tslib-2.6.2.tgz",
      "integrity": "sha512-AEYxH93jGFPn/a2iVAwW87VuUIkR1FVUKB77NwMF7nBTDkDrrT/Hpt/IrCJ0QXhW27jTBDcf5ZY7w6RiqTMw2Q=="
    }
  },
  "dependencies": {
    "@bemoje/date": {
      "version": "0.2.3",
      "resolved": "https://registry.npmjs.org/@bemoje/date/-/date-0.2.3.tgz",
      "integrity": "sha512-b98XHdwKgTTB2U1Xj+EVv+pVjmEeWjx/eSUO53KeoXi5i8AjBKaMuiDmRDgHinr48SA5bE6QfjhyhCo6yfW4YQ==",
      "requires": {
        "tslib": "^2.3.0"
      }
    },
    "@bemoje/sort": {
      "version": "0.2.4",
      "resolved": "https://registry.npmjs.org/@bemoje/sort/-/sort-0.2.4.tgz",
      "integrity": "sha512-GYm8SamlTtHJRSLkV2a1WyEL+BiyksIh9NhRH10ZrbMjSYVSaTsSs++O+Qaw7BL+jJ8EtqqZIyimbOWnzQ11NQ==",
      "requires": {
        "tslib": "^2.3.0"
      }
    },
    "@bemoje/string": {
      "version": "0.2.3",
      "resolved": "https://registry.npmjs.org/@bemoje/string/-/string-0.2.3.tgz",
      "integrity": "sha512-L8hqCMyQ9eQTKeRGrE1xf8Av14oS0x1CUOwXXlQKExs4hwjYQVhc0W+ku1c64uUIkz5Q67wP8q3jejkN+2lGqQ==",
      "requires": {
        "@bemoje/sort": "latest",
        "tslib": "^2.3.0"
      }
    },
    "@bemoje/validation": {
      "version": "0.2.3",
      "resolved": "https://registry.npmjs.org/@bemoje/validation/-/validation-0.2.3.tgz",
      "integrity": "sha512-/1eIodRLfNicHPaC3wJYbfp0DMUaKIS1ycaXWLaVH/erTPmd2a46bncZjutzpdW/KXosuTEMJfJHypAyOqV3Ng==",
      "requires": {
        "@bemoje/date": "latest",
        "@bemoje/string": "latest",
        "tslib": "^2.3.0"
      }
    },
    "tslib": {
      "version": "2.6.2",
      "resolved": "https://registry.npmjs.org/tslib/-/tslib-2.6.2.tgz",
      "integrity": "sha512-AEYxH93jGFPn/a2iVAwW87VuUIkR1FVUKB77NwMF7nBTDkDrrT/Hpt/IrCJ0QXhW27jTBDcf5ZY7w6RiqTMw2Q=="
    }
  }
}
