{
  "name": "@bemoje/fspath-filter",
  "version": "0.1.8",
  "lockfileVersion": 2,
  "requires": true,
  "packages": {
    "": {
      "name": "@bemoje/fspath-filter",
      "version": "0.1.8",
      "license": "MIT",
      "dependencies": {
        "@bemoje/os": "latest",
        "@bemoje/string": "latest",
        "tslib": "^2.3.0"
      },
      "devDependencies": {},
      "funding": {
        "type": "patreon",
        "url": "https://www.patreon.com/user?u=40752770"
      }
    },
    "node_modules/@bemoje/os": {
      "version": "0.0.1",
      "resolved": "https://registry.npmjs.org/@bemoje/os/-/os-0.0.1.tgz",
      "integrity": "sha512-J46mqzOsjjQkSXcwVfRhQreIIbaI2c6cAbdEhkRxugEu4bLXTvl4t5mN9pQa2KbrTrKXgYlJpWPe2mWWxdgkQw==",
      "dependencies": {
        "tslib": "^2.3.0"
      }
    },
    "node_modules/@bemoje/sort": {
      "version": "0.2.8",
      "resolved": "https://registry.npmjs.org/@bemoje/sort/-/sort-0.2.8.tgz",
      "integrity": "sha512-/6e/y1ppTpGF8iZuCozlcHqU1ZVZDtLQB2fXvVr8d9ecDQFLCe46plvTLpb6gs+5JysD3cMKWwaS6RAmzeDPSg==",
      "dependencies": {
        "tslib": "^2.3.0"
      },
      "funding": {
        "type": "patreon",
        "url": "https://www.patreon.com/user?u=40752770"
      }
    },
    "node_modules/@bemoje/string": {
      "version": "0.2.9",
      "resolved": "https://registry.npmjs.org/@bemoje/string/-/string-0.2.9.tgz",
      "integrity": "sha512-L1i9ZdTdHTCd7K3GzoiOSYz0XQR3JkFe52bQRbXtGSpC6+4oZ4FfNjGxQxejeKmYlJS/AzsG/qFEHpDjwSjkBw==",
      "dependencies": {
        "@bemoje/sort": "latest",
        "tslib": "^2.3.0"
      },
      "funding": {
        "type": "patreon",
        "url": "https://www.patreon.com/user?u=40752770"
      }
    },
    "node_modules/tslib": {
      "version": "2.6.2",
      "resolved": "https://registry.npmjs.org/tslib/-/tslib-2.6.2.tgz",
      "integrity": "sha512-AEYxH93jGFPn/a2iVAwW87VuUIkR1FVUKB77NwMF7nBTDkDrrT/Hpt/IrCJ0QXhW27jTBDcf5ZY7w6RiqTMw2Q=="
    }
  },
  "dependencies": {
    "@bemoje/os": {
      "version": "0.0.1",
      "resolved": "https://registry.npmjs.org/@bemoje/os/-/os-0.0.1.tgz",
      "integrity": "sha512-J46mqzOsjjQkSXcwVfRhQreIIbaI2c6cAbdEhkRxugEu4bLXTvl4t5mN9pQa2KbrTrKXgYlJpWPe2mWWxdgkQw==",
      "requires": {
        "tslib": "^2.3.0"
      }
    },
    "@bemoje/sort": {
      "version": "0.2.8",
      "resolved": "https://registry.npmjs.org/@bemoje/sort/-/sort-0.2.8.tgz",
      "integrity": "sha512-/6e/y1ppTpGF8iZuCozlcHqU1ZVZDtLQB2fXvVr8d9ecDQFLCe46plvTLpb6gs+5JysD3cMKWwaS6RAmzeDPSg==",
      "requires": {
        "tslib": "^2.3.0"
      }
    },
    "@bemoje/string": {
      "version": "0.2.9",
      "resolved": "https://registry.npmjs.org/@bemoje/string/-/string-0.2.9.tgz",
      "integrity": "sha512-L1i9ZdTdHTCd7K3GzoiOSYz0XQR3JkFe52bQRbXtGSpC6+4oZ4FfNjGxQxejeKmYlJS/AzsG/qFEHpDjwSjkBw==",
      "requires": {
        "@bemoje/sort": "latest",
        "tslib": "^2.3.0"
      }
    },
    "tslib": {
      "version": "2.6.2",
      "resolved": "https://registry.npmjs.org/tslib/-/tslib-2.6.2.tgz",
      "integrity": "sha512-AEYxH93jGFPn/a2iVAwW87VuUIkR1FVUKB77NwMF7nBTDkDrrT/Hpt/IrCJ0QXhW27jTBDcf5ZY7w6RiqTMw2Q=="
    }
  }
}
