{
  "name": "@bemoje/split-sentences",
  "version": "0.1.4",
  "lockfileVersion": 2,
  "requires": true,
  "packages": {
    "": {
      "name": "@bemoje/split-sentences",
      "version": "0.1.4",
      "license": "MIT",
      "dependencies": {
        "sentence-splitter": "^4.2.1",
        "tslib": "^2.3.0"
      },
      "funding": {
        "type": "patreon",
        "url": "https://www.patreon.com/user?u=40752770"
      }
    },
    "node_modules/@textlint/ast-node-types": {
      "version": "13.3.3",
      "resolved": "https://registry.npmjs.org/@textlint/ast-node-types/-/ast-node-types-13.3.3.tgz",
      "integrity": "sha512-KCpJppfX3Km69twa6SmVEJ8mkyAZSrxw3XaaLQSlpc7PWnLUJSCHGPVECI1nSUDhiTd1r6zlRvWuyIAZJiov+A=="
    },
    "node_modules/boundary": {
      "version": "2.0.0",
      "resolved": "https://registry.npmjs.org/boundary/-/boundary-2.0.0.tgz",
      "integrity": "sha512-rJKn5ooC9u8q13IMCrW0RSp31pxBCHE3y9V/tp3TdWSLf8Em3p6Di4NBpfzbJge9YjjFEsD0RtFEjtvHL5VyEA=="
    },
    "node_modules/sentence-splitter": {
      "version": "4.2.1",
      "resolved": "https://registry.npmjs.org/sentence-splitter/-/sentence-splitter-4.2.1.tgz",
      "integrity": "sha512-zn7awgCg40lyb+fe6N/fRJS3r+Ag3SmrmiYHZZSM9oQ2HTnwSMooUgQXSMLeQdi5HWMYOnhrovE2JZ3pyGU0dg==",
      "dependencies": {
        "@textlint/ast-node-types": "^13.2.0",
        "structured-source": "^4.0.0"
      }
    },
    "node_modules/structured-source": {
      "version": "4.0.0",
      "resolved": "https://registry.npmjs.org/structured-source/-/structured-source-4.0.0.tgz",
      "integrity": "sha512-qGzRFNJDjFieQkl/sVOI2dUjHKRyL9dAJi2gCPGJLbJHBIkyOHxjuocpIEfbLioX+qSJpvbYdT49/YCdMznKxA==",
      "dependencies": {
        "boundary": "^2.0.0"
      }
    },
    "node_modules/tslib": {
      "version": "2.6.2",
      "resolved": "https://registry.npmjs.org/tslib/-/tslib-2.6.2.tgz",
      "integrity": "sha512-AEYxH93jGFPn/a2iVAwW87VuUIkR1FVUKB77NwMF7nBTDkDrrT/Hpt/IrCJ0QXhW27jTBDcf5ZY7w6RiqTMw2Q=="
    }
  },
  "dependencies": {
    "@textlint/ast-node-types": {
      "version": "13.3.3",
      "resolved": "https://registry.npmjs.org/@textlint/ast-node-types/-/ast-node-types-13.3.3.tgz",
      "integrity": "sha512-KCpJppfX3Km69twa6SmVEJ8mkyAZSrxw3XaaLQSlpc7PWnLUJSCHGPVECI1nSUDhiTd1r6zlRvWuyIAZJiov+A=="
    },
    "boundary": {
      "version": "2.0.0",
      "resolved": "https://registry.npmjs.org/boundary/-/boundary-2.0.0.tgz",
      "integrity": "sha512-rJKn5ooC9u8q13IMCrW0RSp31pxBCHE3y9V/tp3TdWSLf8Em3p6Di4NBpfzbJge9YjjFEsD0RtFEjtvHL5VyEA=="
    },
    "sentence-splitter": {
      "version": "4.2.1",
      "resolved": "https://registry.npmjs.org/sentence-splitter/-/sentence-splitter-4.2.1.tgz",
      "integrity": "sha512-zn7awgCg40lyb+fe6N/fRJS3r+Ag3SmrmiYHZZSM9oQ2HTnwSMooUgQXSMLeQdi5HWMYOnhrovE2JZ3pyGU0dg==",
      "requires": {
        "@textlint/ast-node-types": "^13.2.0",
        "structured-source": "^4.0.0"
      }
    },
    "structured-source": {
      "version": "4.0.0",
      "resolved": "https://registry.npmjs.org/structured-source/-/structured-source-4.0.0.tgz",
      "integrity": "sha512-qGzRFNJDjFieQkl/sVOI2dUjHKRyL9dAJi2gCPGJLbJHBIkyOHxjuocpIEfbLioX+qSJpvbYdT49/YCdMznKxA==",
      "requires": {
        "boundary": "^2.0.0"
      }
    },
    "tslib": {
      "version": "2.6.2",
      "resolved": "https://registry.npmjs.org/tslib/-/tslib-2.6.2.tgz",
      "integrity": "sha512-AEYxH93jGFPn/a2iVAwW87VuUIkR1FVUKB77NwMF7nBTDkDrrT/Hpt/IrCJ0QXhW27jTBDcf5ZY7w6RiqTMw2Q=="
    }
  }
}
